// !$*UTF8*$!
{
	archiveVersion = 1;
	classes = {
	};
	objectVersion = 46;
	objects = {

/* Begin PBXBuildFile section */
		9CD8788815371123005B6315 /* QuartzCore.framework in Frameworks */ = {isa = PBXBuildFile; fileRef = 9CD8788715371123005B6315 /* QuartzCore.framework */; };
		9CD8788A15371123005B6315 /* OpenGLES.framework in Frameworks */ = {isa = PBXBuildFile; fileRef = 9CD8788915371123005B6315 /* OpenGLES.framework */; };
		9CD8788C15371123005B6315 /* OpenAL.framework in Frameworks */ = {isa = PBXBuildFile; fileRef = 9CD8788B15371123005B6315 /* OpenAL.framework */; };
		9CD8788E15371123005B6315 /* AudioToolbox.framework in Frameworks */ = {isa = PBXBuildFile; fileRef = 9CD8788D15371123005B6315 /* AudioToolbox.framework */; };
		9CD8789015371123005B6315 /* AVFoundation.framework in Frameworks */ = {isa = PBXBuildFile; fileRef = 9CD8788F15371123005B6315 /* AVFoundation.framework */; };
		9CD8789215371123005B6315 /* UIKit.framework in Frameworks */ = {isa = PBXBuildFile; fileRef = 9CD8789115371123005B6315 /* UIKit.framework */; };
		9CD8789415371123005B6315 /* Foundation.framework in Frameworks */ = {isa = PBXBuildFile; fileRef = 9CD8789315371123005B6315 /* Foundation.framework */; };
		9CD8789615371123005B6315 /* CoreGraphics.framework in Frameworks */ = {isa = PBXBuildFile; fileRef = 9CD8789515371123005B6315 /* CoreGraphics.framework */; };
		9CD8789A15371123005B6315 /* Default.png in Resources */ = {isa = PBXBuildFile; fileRef = 9CD8789915371123005B6315 /* Default.png */; };
		9CD8789C15371123005B6315 /* fps_images.png in Resources */ = {isa = PBXBuildFile; fileRef = 9CD8789B15371123005B6315 /* fps_images.png */; };
		9CD8789E15371123005B6315 /* Icon-72.png in Resources */ = {isa = PBXBuildFile; fileRef = 9CD8789D15371123005B6315 /* Icon-72.png */; };
		9CD878A015371123005B6315 /* Icon-Small-50.png in Resources */ = {isa = PBXBuildFile; fileRef = 9CD8789F15371123005B6315 /* Icon-Small-50.png */; };
		9CD878A215371123005B6315 /* Icon-Small.png in Resources */ = {isa = PBXBuildFile; fileRef = 9CD878A115371123005B6315 /* Icon-Small.png */; };
		9CD878A415371123005B6315 /* Icon-Small@2x.png in Resources */ = {isa = PBXBuildFile; fileRef = 9CD878A315371123005B6315 /* Icon-Small@2x.png */; };
		9CD878A615371123005B6315 /* Icon.png in Resources */ = {isa = PBXBuildFile; fileRef = 9CD878A515371123005B6315 /* Icon.png */; };
		9CD878A815371123005B6315 /* Icon@2x.png in Resources */ = {isa = PBXBuildFile; fileRef = 9CD878A715371123005B6315 /* Icon@2x.png */; };
		9CD878AB15371123005B6315 /* iTunesArtwork in Resources */ = {isa = PBXBuildFile; fileRef = 9CD878AA15371123005B6315 /* iTunesArtwork */; };
		9CD878B015371123005B6315 /* CCAction.m in Sources */ = {isa = PBXBuildFile; fileRef = 9CD878AF15371123005B6315 /* CCAction.m */; };
		9CD878B315371123005B6315 /* CCActionCamera.m in Sources */ = {isa = PBXBuildFile; fileRef = 9CD878B215371123005B6315 /* CCActionCamera.m */; };
		9CD878B615371123005B6315 /* CCActionEase.m in Sources */ = {isa = PBXBuildFile; fileRef = 9CD878B515371123005B6315 /* CCActionEase.m */; };
		9CD878B915371123005B6315 /* CCActionGrid.m in Sources */ = {isa = PBXBuildFile; fileRef = 9CD878B815371123005B6315 /* CCActionGrid.m */; };
		9CD878BC15371123005B6315 /* CCActionGrid3D.m in Sources */ = {isa = PBXBuildFile; fileRef = 9CD878BB15371123005B6315 /* CCActionGrid3D.m */; };
		9CD878BF15371123005B6315 /* CCActionInstant.m in Sources */ = {isa = PBXBuildFile; fileRef = 9CD878BE15371123005B6315 /* CCActionInstant.m */; };
		9CD878C215371124005B6315 /* CCActionInterval.m in Sources */ = {isa = PBXBuildFile; fileRef = 9CD878C115371124005B6315 /* CCActionInterval.m */; };
		9CD878C515371124005B6315 /* CCActionManager.m in Sources */ = {isa = PBXBuildFile; fileRef = 9CD878C415371124005B6315 /* CCActionManager.m */; };
		9CD878C815371124005B6315 /* CCActionPageTurn3D.m in Sources */ = {isa = PBXBuildFile; fileRef = 9CD878C715371124005B6315 /* CCActionPageTurn3D.m */; };
		9CD878CB15371124005B6315 /* CCActionProgressTimer.m in Sources */ = {isa = PBXBuildFile; fileRef = 9CD878CA15371124005B6315 /* CCActionProgressTimer.m */; };
		9CD878CE15371124005B6315 /* CCActionTiledGrid.m in Sources */ = {isa = PBXBuildFile; fileRef = 9CD878CD15371124005B6315 /* CCActionTiledGrid.m */; };
		9CD878D115371124005B6315 /* CCActionTween.m in Sources */ = {isa = PBXBuildFile; fileRef = 9CD878D015371124005B6315 /* CCActionTween.m */; };
		9CD878D415371124005B6315 /* CCAnimation.m in Sources */ = {isa = PBXBuildFile; fileRef = 9CD878D315371124005B6315 /* CCAnimation.m */; };
		9CD878D715371124005B6315 /* CCAnimationCache.m in Sources */ = {isa = PBXBuildFile; fileRef = 9CD878D615371124005B6315 /* CCAnimationCache.m */; };
		9CD878DA15371124005B6315 /* CCAtlasNode.m in Sources */ = {isa = PBXBuildFile; fileRef = 9CD878D915371124005B6315 /* CCAtlasNode.m */; };
		9CD878DD15371124005B6315 /* CCBlockSupport.m in Sources */ = {isa = PBXBuildFile; fileRef = 9CD878DC15371124005B6315 /* CCBlockSupport.m */; };
		9CD878E015371124005B6315 /* CCCamera.m in Sources */ = {isa = PBXBuildFile; fileRef = 9CD878DF15371124005B6315 /* CCCamera.m */; };
		9CD878E415371124005B6315 /* CCConfiguration.m in Sources */ = {isa = PBXBuildFile; fileRef = 9CD878E315371124005B6315 /* CCConfiguration.m */; };
		9CD878E715371124005B6315 /* CCDirector.m in Sources */ = {isa = PBXBuildFile; fileRef = 9CD878E615371124005B6315 /* CCDirector.m */; };
		9CD878EA15371124005B6315 /* CCDrawingPrimitives.m in Sources */ = {isa = PBXBuildFile; fileRef = 9CD878E915371124005B6315 /* CCDrawingPrimitives.m */; };
		9CD878ED15371124005B6315 /* CCGrabber.m in Sources */ = {isa = PBXBuildFile; fileRef = 9CD878EC15371124005B6315 /* CCGrabber.m */; };
		9CD878F015371124005B6315 /* CCGrid.m in Sources */ = {isa = PBXBuildFile; fileRef = 9CD878EF15371124005B6315 /* CCGrid.m */; };
		9CD878F315371124005B6315 /* CCLabelAtlas.m in Sources */ = {isa = PBXBuildFile; fileRef = 9CD878F215371124005B6315 /* CCLabelAtlas.m */; };
		9CD878F615371124005B6315 /* CCLabelBMFont.m in Sources */ = {isa = PBXBuildFile; fileRef = 9CD878F515371124005B6315 /* CCLabelBMFont.m */; };
		9CD878F915371124005B6315 /* CCLabelTTF.m in Sources */ = {isa = PBXBuildFile; fileRef = 9CD878F815371124005B6315 /* CCLabelTTF.m */; };
		9CD878FC15371124005B6315 /* CCLayer.m in Sources */ = {isa = PBXBuildFile; fileRef = 9CD878FB15371124005B6315 /* CCLayer.m */; };
		9CD8790015371124005B6315 /* CCMenu.m in Sources */ = {isa = PBXBuildFile; fileRef = 9CD878FF15371124005B6315 /* CCMenu.m */; };
		9CD8790315371124005B6315 /* CCMenuItem.m in Sources */ = {isa = PBXBuildFile; fileRef = 9CD8790215371124005B6315 /* CCMenuItem.m */; };
		9CD8790615371124005B6315 /* CCMotionStreak.m in Sources */ = {isa = PBXBuildFile; fileRef = 9CD8790515371124005B6315 /* CCMotionStreak.m */; };
		9CD8790915371124005B6315 /* CCNode.m in Sources */ = {isa = PBXBuildFile; fileRef = 9CD8790815371124005B6315 /* CCNode.m */; };
		9CD8790C15371124005B6315 /* CCParallaxNode.m in Sources */ = {isa = PBXBuildFile; fileRef = 9CD8790B15371124005B6315 /* CCParallaxNode.m */; };
		9CD8790F15371124005B6315 /* CCParticleExamples.m in Sources */ = {isa = PBXBuildFile; fileRef = 9CD8790E15371124005B6315 /* CCParticleExamples.m */; };
		9CD8791215371124005B6315 /* CCParticleSystem.m in Sources */ = {isa = PBXBuildFile; fileRef = 9CD8791115371124005B6315 /* CCParticleSystem.m */; };
		9CD8791515371124005B6315 /* CCParticleSystemPoint.m in Sources */ = {isa = PBXBuildFile; fileRef = 9CD8791415371124005B6315 /* CCParticleSystemPoint.m */; };
		9CD8791815371124005B6315 /* CCParticleSystemQuad.m in Sources */ = {isa = PBXBuildFile; fileRef = 9CD8791715371124005B6315 /* CCParticleSystemQuad.m */; };
		9CD8791B15371124005B6315 /* CCProgressTimer.m in Sources */ = {isa = PBXBuildFile; fileRef = 9CD8791A15371124005B6315 /* CCProgressTimer.m */; };
		9CD8791F15371124005B6315 /* CCRenderTexture.m in Sources */ = {isa = PBXBuildFile; fileRef = 9CD8791E15371124005B6315 /* CCRenderTexture.m */; };
		9CD8792215371124005B6315 /* CCRibbon.m in Sources */ = {isa = PBXBuildFile; fileRef = 9CD8792115371124005B6315 /* CCRibbon.m */; };
		9CD8792515371124005B6315 /* CCScene.m in Sources */ = {isa = PBXBuildFile; fileRef = 9CD8792415371124005B6315 /* CCScene.m */; };
		9CD8792815371124005B6315 /* CCScheduler.m in Sources */ = {isa = PBXBuildFile; fileRef = 9CD8792715371124005B6315 /* CCScheduler.m */; };
		9CD8792B15371124005B6315 /* CCSprite.m in Sources */ = {isa = PBXBuildFile; fileRef = 9CD8792A15371124005B6315 /* CCSprite.m */; };
		9CD8792E15371124005B6315 /* CCSpriteBatchNode.m in Sources */ = {isa = PBXBuildFile; fileRef = 9CD8792D15371124005B6315 /* CCSpriteBatchNode.m */; };
		9CD8793115371124005B6315 /* CCSpriteFrame.m in Sources */ = {isa = PBXBuildFile; fileRef = 9CD8793015371124005B6315 /* CCSpriteFrame.m */; };
		9CD8793415371124005B6315 /* CCSpriteFrameCache.m in Sources */ = {isa = PBXBuildFile; fileRef = 9CD8793315371124005B6315 /* CCSpriteFrameCache.m */; };
		9CD8793715371124005B6315 /* CCTexture2D.m in Sources */ = {isa = PBXBuildFile; fileRef = 9CD8793615371124005B6315 /* CCTexture2D.m */; };
		9CD8793A15371124005B6315 /* CCTextureAtlas.m in Sources */ = {isa = PBXBuildFile; fileRef = 9CD8793915371124005B6315 /* CCTextureAtlas.m */; };
		9CD8793D15371124005B6315 /* CCTextureCache.m in Sources */ = {isa = PBXBuildFile; fileRef = 9CD8793C15371124005B6315 /* CCTextureCache.m */; };
		9CD8794015371124005B6315 /* CCTexturePVR.m in Sources */ = {isa = PBXBuildFile; fileRef = 9CD8793F15371124005B6315 /* CCTexturePVR.m */; };
		9CD8794315371124005B6315 /* CCTileMapAtlas.m in Sources */ = {isa = PBXBuildFile; fileRef = 9CD8794215371124005B6315 /* CCTileMapAtlas.m */; };
		9CD8794615371124005B6315 /* CCTMXLayer.m in Sources */ = {isa = PBXBuildFile; fileRef = 9CD8794515371124005B6315 /* CCTMXLayer.m */; };
		9CD8794915371124005B6315 /* CCTMXObjectGroup.m in Sources */ = {isa = PBXBuildFile; fileRef = 9CD8794815371124005B6315 /* CCTMXObjectGroup.m */; };
		9CD8794C15371124005B6315 /* CCTMXTiledMap.m in Sources */ = {isa = PBXBuildFile; fileRef = 9CD8794B15371124005B6315 /* CCTMXTiledMap.m */; };
		9CD8794F15371125005B6315 /* CCTMXXMLParser.m in Sources */ = {isa = PBXBuildFile; fileRef = 9CD8794E15371125005B6315 /* CCTMXXMLParser.m */; };
		9CD8795215371125005B6315 /* CCTransition.m in Sources */ = {isa = PBXBuildFile; fileRef = 9CD8795115371125005B6315 /* CCTransition.m */; };
		9CD8795515371125005B6315 /* CCTransitionPageTurn.m in Sources */ = {isa = PBXBuildFile; fileRef = 9CD8795415371125005B6315 /* CCTransitionPageTurn.m */; };
		9CD8795815371125005B6315 /* CCTransitionRadial.m in Sources */ = {isa = PBXBuildFile; fileRef = 9CD8795715371125005B6315 /* CCTransitionRadial.m */; };
		9CD8795C15371125005B6315 /* cocos2d.m in Sources */ = {isa = PBXBuildFile; fileRef = 9CD8795B15371125005B6315 /* cocos2d.m */; };
		9CD8796315371125005B6315 /* CCDirectorIOS.m in Sources */ = {isa = PBXBuildFile; fileRef = 9CD8796215371125005B6315 /* CCDirectorIOS.m */; };
		9CD8796715371125005B6315 /* CCTouchDispatcher.m in Sources */ = {isa = PBXBuildFile; fileRef = 9CD8796615371125005B6315 /* CCTouchDispatcher.m */; };
		9CD8796A15371125005B6315 /* CCTouchHandler.m in Sources */ = {isa = PBXBuildFile; fileRef = 9CD8796915371125005B6315 /* CCTouchHandler.m */; };
		9CD8796D15371125005B6315 /* EAGLView.m in Sources */ = {isa = PBXBuildFile; fileRef = 9CD8796C15371125005B6315 /* EAGLView.m */; };
		9CD8797015371125005B6315 /* ES1Renderer.m in Sources */ = {isa = PBXBuildFile; fileRef = 9CD8796F15371125005B6315 /* ES1Renderer.m */; };
		9CD8797315371125005B6315 /* glu.c in Sources */ = {isa = PBXBuildFile; fileRef = 9CD8797215371125005B6315 /* glu.c */; };
		9CD8797815371125005B6315 /* CCDirectorMac.m in Sources */ = {isa = PBXBuildFile; fileRef = 9CD8797715371125005B6315 /* CCDirectorMac.m */; };
		9CD8797B15371125005B6315 /* CCEventDispatcher.m in Sources */ = {isa = PBXBuildFile; fileRef = 9CD8797A15371125005B6315 /* CCEventDispatcher.m */; };
		9CD8797E15371125005B6315 /* MacGLView.m in Sources */ = {isa = PBXBuildFile; fileRef = 9CD8797D15371125005B6315 /* MacGLView.m */; };
		9CD8798115371125005B6315 /* MacWindow.m in Sources */ = {isa = PBXBuildFile; fileRef = 9CD8798015371125005B6315 /* MacWindow.m */; };
		9CD8798415371125005B6315 /* base64.c in Sources */ = {isa = PBXBuildFile; fileRef = 9CD8798315371125005B6315 /* base64.c */; };
		9CD8798815371125005B6315 /* CCArray.m in Sources */ = {isa = PBXBuildFile; fileRef = 9CD8798715371125005B6315 /* CCArray.m */; };
		9CD8798C15371125005B6315 /* CCFileUtils.m in Sources */ = {isa = PBXBuildFile; fileRef = 9CD8798B15371125005B6315 /* CCFileUtils.m */; };
		9CD8798F15371125005B6315 /* CCProfiling.m in Sources */ = {isa = PBXBuildFile; fileRef = 9CD8798E15371125005B6315 /* CCProfiling.m */; };
		9CD8799115371125005B6315 /* ccUtils.c in Sources */ = {isa = PBXBuildFile; fileRef = 9CD8799015371125005B6315 /* ccUtils.c */; };
		9CD8799515371125005B6315 /* CGPointExtension.m in Sources */ = {isa = PBXBuildFile; fileRef = 9CD8799415371125005B6315 /* CGPointExtension.m */; };
		9CD8799915371125005B6315 /* TGAlib.m in Sources */ = {isa = PBXBuildFile; fileRef = 9CD8799815371125005B6315 /* TGAlib.m */; };
		9CD8799C15371125005B6315 /* TransformUtils.m in Sources */ = {isa = PBXBuildFile; fileRef = 9CD8799B15371125005B6315 /* TransformUtils.m */; };
		9CD879A115371125005B6315 /* ZipUtils.m in Sources */ = {isa = PBXBuildFile; fileRef = 9CD879A015371125005B6315 /* ZipUtils.m */; };
		9CD879A615371125005B6315 /* CDAudioManager.m in Sources */ = {isa = PBXBuildFile; fileRef = 9CD879A515371125005B6315 /* CDAudioManager.m */; };
		9CD879AA15371125005B6315 /* CDOpenALSupport.m in Sources */ = {isa = PBXBuildFile; fileRef = 9CD879A915371125005B6315 /* CDOpenALSupport.m */; };
		9CD879AD15371125005B6315 /* CocosDenshion.m in Sources */ = {isa = PBXBuildFile; fileRef = 9CD879AC15371125005B6315 /* CocosDenshion.m */; };
		9CD879B015371125005B6315 /* SimpleAudioEngine.m in Sources */ = {isa = PBXBuildFile; fileRef = 9CD879AF15371125005B6315 /* SimpleAudioEngine.m */; };
		9CD879B515371125005B6315 /* CLScoreServerPost.m in Sources */ = {isa = PBXBuildFile; fileRef = 9CD879B415371125005B6315 /* CLScoreServerPost.m */; };
		9CD879B815371125005B6315 /* CLScoreServerRequest.m in Sources */ = {isa = PBXBuildFile; fileRef = 9CD879B715371125005B6315 /* CLScoreServerRequest.m */; };
		9CD879BB15371125005B6315 /* cocoslive.m in Sources */ = {isa = PBXBuildFile; fileRef = 9CD879BA15371125005B6315 /* cocoslive.m */; };
		9CD879C015371125005B6315 /* CDataScanner.m in Sources */ = {isa = PBXBuildFile; fileRef = 9CD879BF15371125005B6315 /* CDataScanner.m */; };
		9CD879C415371125005B6315 /* CDataScanner_Extensions.m in Sources */ = {isa = PBXBuildFile; fileRef = 9CD879C315371125005B6315 /* CDataScanner_Extensions.m */; };
		9CD879C715371125005B6315 /* NSDictionary_JSONExtensions.m in Sources */ = {isa = PBXBuildFile; fileRef = 9CD879C615371125005B6315 /* NSDictionary_JSONExtensions.m */; };
		9CD879CB15371125005B6315 /* CJSONDeserializer.m in Sources */ = {isa = PBXBuildFile; fileRef = 9CD879CA15371125005B6315 /* CJSONDeserializer.m */; };
		9CD879CE15371125005B6315 /* CJSONScanner.m in Sources */ = {isa = PBXBuildFile; fileRef = 9CD879CD15371125005B6315 /* CJSONScanner.m */; };
		9CD879D115371125005B6315 /* CJSONSerializer.m in Sources */ = {isa = PBXBuildFile; fileRef = 9CD879D015371125005B6315 /* CJSONSerializer.m */; };
		9CD879D615371125005B6315 /* FontLabel.m in Sources */ = {isa = PBXBuildFile; fileRef = 9CD879D515371125005B6315 /* FontLabel.m */; };
		9CD879D915371125005B6315 /* FontLabelStringDrawing.m in Sources */ = {isa = PBXBuildFile; fileRef = 9CD879D815371125005B6315 /* FontLabelStringDrawing.m */; };
		9CD879DC15371125005B6315 /* FontManager.m in Sources */ = {isa = PBXBuildFile; fileRef = 9CD879DB15371125005B6315 /* FontManager.m */; };
		9CD879DF15371125005B6315 /* ZAttributedString.m in Sources */ = {isa = PBXBuildFile; fileRef = 9CD879DE15371125005B6315 /* ZAttributedString.m */; };
		9CD879E315371125005B6315 /* ZFont.m in Sources */ = {isa = PBXBuildFile; fileRef = 9CD879E215371125005B6315 /* ZFont.m */; };
		9CD879E815371125005B6315 /* main.m in Sources */ = {isa = PBXBuildFile; fileRef = 9CD879E715371125005B6315 /* main.m */; };
		9CD879EB15371125005B6315 /* AppDelegate.m in Sources */ = {isa = PBXBuildFile; fileRef = 9CD879EA15371125005B6315 /* AppDelegate.m */; };
		9CD879EE15371125005B6315 /* RootViewController.m in Sources */ = {isa = PBXBuildFile; fileRef = 9CD879ED15371125005B6315 /* RootViewController.m */; };
		9CD879F115371125005B6315 /* HelloWorldLayer.m in Sources */ = {isa = PBXBuildFile; fileRef = 9CD879F015371125005B6315 /* HelloWorldLayer.m */; };
/* End PBXBuildFile section */

/* Begin PBXFileReference section */
		9CD8788315371123005B6315 /* Invocator.app */ = {isa = PBXFileReference; explicitFileType = wrapper.application; includeInIndex = 0; path = Invocator.app; sourceTree = BUILT_PRODUCTS_DIR; };
		9CD8788715371123005B6315 /* QuartzCore.framework */ = {isa = PBXFileReference; lastKnownFileType = wrapper.framework; name = QuartzCore.framework; path = System/Library/Frameworks/QuartzCore.framework; sourceTree = SDKROOT; };
		9CD8788915371123005B6315 /* OpenGLES.framework */ = {isa = PBXFileReference; lastKnownFileType = wrapper.framework; name = OpenGLES.framework; path = System/Library/Frameworks/OpenGLES.framework; sourceTree = SDKROOT; };
		9CD8788B15371123005B6315 /* OpenAL.framework */ = {isa = PBXFileReference; lastKnownFileType = wrapper.framework; name = OpenAL.framework; path = System/Library/Frameworks/OpenAL.framework; sourceTree = SDKROOT; };
		9CD8788D15371123005B6315 /* AudioToolbox.framework */ = {isa = PBXFileReference; lastKnownFileType = wrapper.framework; name = AudioToolbox.framework; path = System/Library/Frameworks/AudioToolbox.framework; sourceTree = SDKROOT; };
		9CD8788F15371123005B6315 /* AVFoundation.framework */ = {isa = PBXFileReference; lastKnownFileType = wrapper.framework; name = AVFoundation.framework; path = System/Library/Frameworks/AVFoundation.framework; sourceTree = SDKROOT; };
		9CD8789115371123005B6315 /* UIKit.framework */ = {isa = PBXFileReference; lastKnownFileType = wrapper.framework; name = UIKit.framework; path = System/Library/Frameworks/UIKit.framework; sourceTree = SDKROOT; };
		9CD8789315371123005B6315 /* Foundation.framework */ = {isa = PBXFileReference; lastKnownFileType = wrapper.framework; name = Foundation.framework; path = System/Library/Frameworks/Foundation.framework; sourceTree = SDKROOT; };
		9CD8789515371123005B6315 /* CoreGraphics.framework */ = {isa = PBXFileReference; lastKnownFileType = wrapper.framework; name = CoreGraphics.framework; path = System/Library/Frameworks/CoreGraphics.framework; sourceTree = SDKROOT; };
		9CD8789915371123005B6315 /* Default.png */ = {isa = PBXFileReference; lastKnownFileType = image.png; name = Default.png; path = Resources/Default.png; sourceTree = "<group>"; };
		9CD8789B15371123005B6315 /* fps_images.png */ = {isa = PBXFileReference; lastKnownFileType = image.png; name = fps_images.png; path = Resources/fps_images.png; sourceTree = "<group>"; };
		9CD8789D15371123005B6315 /* Icon-72.png */ = {isa = PBXFileReference; lastKnownFileType = image.png; name = "Icon-72.png"; path = "Resources/Icon-72.png"; sourceTree = "<group>"; };
		9CD8789F15371123005B6315 /* Icon-Small-50.png */ = {isa = PBXFileReference; lastKnownFileType = image.png; name = "Icon-Small-50.png"; path = "Resources/Icon-Small-50.png"; sourceTree = "<group>"; };
		9CD878A115371123005B6315 /* Icon-Small.png */ = {isa = PBXFileReference; lastKnownFileType = image.png; name = "Icon-Small.png"; path = "Resources/Icon-Small.png"; sourceTree = "<group>"; };
		9CD878A315371123005B6315 /* Icon-Small@2x.png */ = {isa = PBXFileReference; lastKnownFileType = image.png; name = "Icon-Small@2x.png"; path = "Resources/Icon-Small@2x.png"; sourceTree = "<group>"; };
		9CD878A515371123005B6315 /* Icon.png */ = {isa = PBXFileReference; lastKnownFileType = image.png; name = Icon.png; path = Resources/Icon.png; sourceTree = "<group>"; };
		9CD878A715371123005B6315 /* Icon@2x.png */ = {isa = PBXFileReference; lastKnownFileType = image.png; name = "Icon@2x.png"; path = "Resources/Icon@2x.png"; sourceTree = "<group>"; };
		9CD878A915371123005B6315 /* Info.plist */ = {isa = PBXFileReference; lastKnownFileType = text.plist.xml; name = Info.plist; path = Resources/Info.plist; sourceTree = "<group>"; };
		9CD878AA15371123005B6315 /* iTunesArtwork */ = {isa = PBXFileReference; lastKnownFileType = file; name = iTunesArtwork; path = Resources/iTunesArtwork; sourceTree = "<group>"; };
		9CD878AE15371123005B6315 /* CCAction.h */ = {isa = PBXFileReference; lastKnownFileType = sourcecode.c.h; name = CCAction.h; path = libs/cocos2d/CCAction.h; sourceTree = "<group>"; };
		9CD878AF15371123005B6315 /* CCAction.m */ = {isa = PBXFileReference; lastKnownFileType = sourcecode.c.objc; name = CCAction.m; path = libs/cocos2d/CCAction.m; sourceTree = "<group>"; };
		9CD878B115371123005B6315 /* CCActionCamera.h */ = {isa = PBXFileReference; lastKnownFileType = sourcecode.c.h; name = CCActionCamera.h; path = libs/cocos2d/CCActionCamera.h; sourceTree = "<group>"; };
		9CD878B215371123005B6315 /* CCActionCamera.m */ = {isa = PBXFileReference; lastKnownFileType = sourcecode.c.objc; name = CCActionCamera.m; path = libs/cocos2d/CCActionCamera.m; sourceTree = "<group>"; };
		9CD878B415371123005B6315 /* CCActionEase.h */ = {isa = PBXFileReference; lastKnownFileType = sourcecode.c.h; name = CCActionEase.h; path = libs/cocos2d/CCActionEase.h; sourceTree = "<group>"; };
		9CD878B515371123005B6315 /* CCActionEase.m */ = {isa = PBXFileReference; lastKnownFileType = sourcecode.c.objc; name = CCActionEase.m; path = libs/cocos2d/CCActionEase.m; sourceTree = "<group>"; };
		9CD878B715371123005B6315 /* CCActionGrid.h */ = {isa = PBXFileReference; lastKnownFileType = sourcecode.c.h; name = CCActionGrid.h; path = libs/cocos2d/CCActionGrid.h; sourceTree = "<group>"; };
		9CD878B815371123005B6315 /* CCActionGrid.m */ = {isa = PBXFileReference; lastKnownFileType = sourcecode.c.objc; name = CCActionGrid.m; path = libs/cocos2d/CCActionGrid.m; sourceTree = "<group>"; };
		9CD878BA15371123005B6315 /* CCActionGrid3D.h */ = {isa = PBXFileReference; lastKnownFileType = sourcecode.c.h; name = CCActionGrid3D.h; path = libs/cocos2d/CCActionGrid3D.h; sourceTree = "<group>"; };
		9CD878BB15371123005B6315 /* CCActionGrid3D.m */ = {isa = PBXFileReference; lastKnownFileType = sourcecode.c.objc; name = CCActionGrid3D.m; path = libs/cocos2d/CCActionGrid3D.m; sourceTree = "<group>"; };
		9CD878BD15371123005B6315 /* CCActionInstant.h */ = {isa = PBXFileReference; lastKnownFileType = sourcecode.c.h; name = CCActionInstant.h; path = libs/cocos2d/CCActionInstant.h; sourceTree = "<group>"; };
		9CD878BE15371123005B6315 /* CCActionInstant.m */ = {isa = PBXFileReference; lastKnownFileType = sourcecode.c.objc; name = CCActionInstant.m; path = libs/cocos2d/CCActionInstant.m; sourceTree = "<group>"; };
		9CD878C015371123005B6315 /* CCActionInterval.h */ = {isa = PBXFileReference; lastKnownFileType = sourcecode.c.h; name = CCActionInterval.h; path = libs/cocos2d/CCActionInterval.h; sourceTree = "<group>"; };
		9CD878C115371124005B6315 /* CCActionInterval.m */ = {isa = PBXFileReference; lastKnownFileType = sourcecode.c.objc; name = CCActionInterval.m; path = libs/cocos2d/CCActionInterval.m; sourceTree = "<group>"; };
		9CD878C315371124005B6315 /* CCActionManager.h */ = {isa = PBXFileReference; lastKnownFileType = sourcecode.c.h; name = CCActionManager.h; path = libs/cocos2d/CCActionManager.h; sourceTree = "<group>"; };
		9CD878C415371124005B6315 /* CCActionManager.m */ = {isa = PBXFileReference; lastKnownFileType = sourcecode.c.objc; name = CCActionManager.m; path = libs/cocos2d/CCActionManager.m; sourceTree = "<group>"; };
		9CD878C615371124005B6315 /* CCActionPageTurn3D.h */ = {isa = PBXFileReference; lastKnownFileType = sourcecode.c.h; name = CCActionPageTurn3D.h; path = libs/cocos2d/CCActionPageTurn3D.h; sourceTree = "<group>"; };
		9CD878C715371124005B6315 /* CCActionPageTurn3D.m */ = {isa = PBXFileReference; lastKnownFileType = sourcecode.c.objc; name = CCActionPageTurn3D.m; path = libs/cocos2d/CCActionPageTurn3D.m; sourceTree = "<group>"; };
		9CD878C915371124005B6315 /* CCActionProgressTimer.h */ = {isa = PBXFileReference; lastKnownFileType = sourcecode.c.h; name = CCActionProgressTimer.h; path = libs/cocos2d/CCActionProgressTimer.h; sourceTree = "<group>"; };
		9CD878CA15371124005B6315 /* CCActionProgressTimer.m */ = {isa = PBXFileReference; lastKnownFileType = sourcecode.c.objc; name = CCActionProgressTimer.m; path = libs/cocos2d/CCActionProgressTimer.m; sourceTree = "<group>"; };
		9CD878CC15371124005B6315 /* CCActionTiledGrid.h */ = {isa = PBXFileReference; lastKnownFileType = sourcecode.c.h; name = CCActionTiledGrid.h; path = libs/cocos2d/CCActionTiledGrid.h; sourceTree = "<group>"; };
		9CD878CD15371124005B6315 /* CCActionTiledGrid.m */ = {isa = PBXFileReference; lastKnownFileType = sourcecode.c.objc; name = CCActionTiledGrid.m; path = libs/cocos2d/CCActionTiledGrid.m; sourceTree = "<group>"; };
		9CD878CF15371124005B6315 /* CCActionTween.h */ = {isa = PBXFileReference; lastKnownFileType = sourcecode.c.h; name = CCActionTween.h; path = libs/cocos2d/CCActionTween.h; sourceTree = "<group>"; };
		9CD878D015371124005B6315 /* CCActionTween.m */ = {isa = PBXFileReference; lastKnownFileType = sourcecode.c.objc; name = CCActionTween.m; path = libs/cocos2d/CCActionTween.m; sourceTree = "<group>"; };
		9CD878D215371124005B6315 /* CCAnimation.h */ = {isa = PBXFileReference; lastKnownFileType = sourcecode.c.h; name = CCAnimation.h; path = libs/cocos2d/CCAnimation.h; sourceTree = "<group>"; };
		9CD878D315371124005B6315 /* CCAnimation.m */ = {isa = PBXFileReference; lastKnownFileType = sourcecode.c.objc; name = CCAnimation.m; path = libs/cocos2d/CCAnimation.m; sourceTree = "<group>"; };
		9CD878D515371124005B6315 /* CCAnimationCache.h */ = {isa = PBXFileReference; lastKnownFileType = sourcecode.c.h; name = CCAnimationCache.h; path = libs/cocos2d/CCAnimationCache.h; sourceTree = "<group>"; };
		9CD878D615371124005B6315 /* CCAnimationCache.m */ = {isa = PBXFileReference; lastKnownFileType = sourcecode.c.objc; name = CCAnimationCache.m; path = libs/cocos2d/CCAnimationCache.m; sourceTree = "<group>"; };
		9CD878D815371124005B6315 /* CCAtlasNode.h */ = {isa = PBXFileReference; lastKnownFileType = sourcecode.c.h; name = CCAtlasNode.h; path = libs/cocos2d/CCAtlasNode.h; sourceTree = "<group>"; };
		9CD878D915371124005B6315 /* CCAtlasNode.m */ = {isa = PBXFileReference; lastKnownFileType = sourcecode.c.objc; name = CCAtlasNode.m; path = libs/cocos2d/CCAtlasNode.m; sourceTree = "<group>"; };
		9CD878DB15371124005B6315 /* CCBlockSupport.h */ = {isa = PBXFileReference; lastKnownFileType = sourcecode.c.h; name = CCBlockSupport.h; path = libs/cocos2d/CCBlockSupport.h; sourceTree = "<group>"; };
		9CD878DC15371124005B6315 /* CCBlockSupport.m */ = {isa = PBXFileReference; lastKnownFileType = sourcecode.c.objc; name = CCBlockSupport.m; path = libs/cocos2d/CCBlockSupport.m; sourceTree = "<group>"; };
		9CD878DE15371124005B6315 /* CCCamera.h */ = {isa = PBXFileReference; lastKnownFileType = sourcecode.c.h; name = CCCamera.h; path = libs/cocos2d/CCCamera.h; sourceTree = "<group>"; };
		9CD878DF15371124005B6315 /* CCCamera.m */ = {isa = PBXFileReference; lastKnownFileType = sourcecode.c.objc; name = CCCamera.m; path = libs/cocos2d/CCCamera.m; sourceTree = "<group>"; };
		9CD878E115371124005B6315 /* ccConfig.h */ = {isa = PBXFileReference; lastKnownFileType = sourcecode.c.h; name = ccConfig.h; path = libs/cocos2d/ccConfig.h; sourceTree = "<group>"; };
		9CD878E215371124005B6315 /* CCConfiguration.h */ = {isa = PBXFileReference; lastKnownFileType = sourcecode.c.h; name = CCConfiguration.h; path = libs/cocos2d/CCConfiguration.h; sourceTree = "<group>"; };
		9CD878E315371124005B6315 /* CCConfiguration.m */ = {isa = PBXFileReference; lastKnownFileType = sourcecode.c.objc; name = CCConfiguration.m; path = libs/cocos2d/CCConfiguration.m; sourceTree = "<group>"; };
		9CD878E515371124005B6315 /* CCDirector.h */ = {isa = PBXFileReference; lastKnownFileType = sourcecode.c.h; name = CCDirector.h; path = libs/cocos2d/CCDirector.h; sourceTree = "<group>"; };
		9CD878E615371124005B6315 /* CCDirector.m */ = {isa = PBXFileReference; lastKnownFileType = sourcecode.c.objc; name = CCDirector.m; path = libs/cocos2d/CCDirector.m; sourceTree = "<group>"; };
		9CD878E815371124005B6315 /* CCDrawingPrimitives.h */ = {isa = PBXFileReference; lastKnownFileType = sourcecode.c.h; name = CCDrawingPrimitives.h; path = libs/cocos2d/CCDrawingPrimitives.h; sourceTree = "<group>"; };
		9CD878E915371124005B6315 /* CCDrawingPrimitives.m */ = {isa = PBXFileReference; lastKnownFileType = sourcecode.c.objc; name = CCDrawingPrimitives.m; path = libs/cocos2d/CCDrawingPrimitives.m; sourceTree = "<group>"; };
		9CD878EB15371124005B6315 /* CCGrabber.h */ = {isa = PBXFileReference; lastKnownFileType = sourcecode.c.h; name = CCGrabber.h; path = libs/cocos2d/CCGrabber.h; sourceTree = "<group>"; };
		9CD878EC15371124005B6315 /* CCGrabber.m */ = {isa = PBXFileReference; lastKnownFileType = sourcecode.c.objc; name = CCGrabber.m; path = libs/cocos2d/CCGrabber.m; sourceTree = "<group>"; };
		9CD878EE15371124005B6315 /* CCGrid.h */ = {isa = PBXFileReference; lastKnownFileType = sourcecode.c.h; name = CCGrid.h; path = libs/cocos2d/CCGrid.h; sourceTree = "<group>"; };
		9CD878EF15371124005B6315 /* CCGrid.m */ = {isa = PBXFileReference; lastKnownFileType = sourcecode.c.objc; name = CCGrid.m; path = libs/cocos2d/CCGrid.m; sourceTree = "<group>"; };
		9CD878F115371124005B6315 /* CCLabelAtlas.h */ = {isa = PBXFileReference; lastKnownFileType = sourcecode.c.h; name = CCLabelAtlas.h; path = libs/cocos2d/CCLabelAtlas.h; sourceTree = "<group>"; };
		9CD878F215371124005B6315 /* CCLabelAtlas.m */ = {isa = PBXFileReference; lastKnownFileType = sourcecode.c.objc; name = CCLabelAtlas.m; path = libs/cocos2d/CCLabelAtlas.m; sourceTree = "<group>"; };
		9CD878F415371124005B6315 /* CCLabelBMFont.h */ = {isa = PBXFileReference; lastKnownFileType = sourcecode.c.h; name = CCLabelBMFont.h; path = libs/cocos2d/CCLabelBMFont.h; sourceTree = "<group>"; };
		9CD878F515371124005B6315 /* CCLabelBMFont.m */ = {isa = PBXFileReference; lastKnownFileType = sourcecode.c.objc; name = CCLabelBMFont.m; path = libs/cocos2d/CCLabelBMFont.m; sourceTree = "<group>"; };
		9CD878F715371124005B6315 /* CCLabelTTF.h */ = {isa = PBXFileReference; lastKnownFileType = sourcecode.c.h; name = CCLabelTTF.h; path = libs/cocos2d/CCLabelTTF.h; sourceTree = "<group>"; };
		9CD878F815371124005B6315 /* CCLabelTTF.m */ = {isa = PBXFileReference; lastKnownFileType = sourcecode.c.objc; name = CCLabelTTF.m; path = libs/cocos2d/CCLabelTTF.m; sourceTree = "<group>"; };
		9CD878FA15371124005B6315 /* CCLayer.h */ = {isa = PBXFileReference; lastKnownFileType = sourcecode.c.h; name = CCLayer.h; path = libs/cocos2d/CCLayer.h; sourceTree = "<group>"; };
		9CD878FB15371124005B6315 /* CCLayer.m */ = {isa = PBXFileReference; lastKnownFileType = sourcecode.c.objc; name = CCLayer.m; path = libs/cocos2d/CCLayer.m; sourceTree = "<group>"; };
		9CD878FD15371124005B6315 /* ccMacros.h */ = {isa = PBXFileReference; lastKnownFileType = sourcecode.c.h; name = ccMacros.h; path = libs/cocos2d/ccMacros.h; sourceTree = "<group>"; };
		9CD878FE15371124005B6315 /* CCMenu.h */ = {isa = PBXFileReference; lastKnownFileType = sourcecode.c.h; name = CCMenu.h; path = libs/cocos2d/CCMenu.h; sourceTree = "<group>"; };
		9CD878FF15371124005B6315 /* CCMenu.m */ = {isa = PBXFileReference; lastKnownFileType = sourcecode.c.objc; name = CCMenu.m; path = libs/cocos2d/CCMenu.m; sourceTree = "<group>"; };
		9CD8790115371124005B6315 /* CCMenuItem.h */ = {isa = PBXFileReference; lastKnownFileType = sourcecode.c.h; name = CCMenuItem.h; path = libs/cocos2d/CCMenuItem.h; sourceTree = "<group>"; };
		9CD8790215371124005B6315 /* CCMenuItem.m */ = {isa = PBXFileReference; lastKnownFileType = sourcecode.c.objc; name = CCMenuItem.m; path = libs/cocos2d/CCMenuItem.m; sourceTree = "<group>"; };
		9CD8790415371124005B6315 /* CCMotionStreak.h */ = {isa = PBXFileReference; lastKnownFileType = sourcecode.c.h; name = CCMotionStreak.h; path = libs/cocos2d/CCMotionStreak.h; sourceTree = "<group>"; };
		9CD8790515371124005B6315 /* CCMotionStreak.m */ = {isa = PBXFileReference; lastKnownFileType = sourcecode.c.objc; name = CCMotionStreak.m; path = libs/cocos2d/CCMotionStreak.m; sourceTree = "<group>"; };
		9CD8790715371124005B6315 /* CCNode.h */ = {isa = PBXFileReference; lastKnownFileType = sourcecode.c.h; name = CCNode.h; path = libs/cocos2d/CCNode.h; sourceTree = "<group>"; };
		9CD8790815371124005B6315 /* CCNode.m */ = {isa = PBXFileReference; lastKnownFileType = sourcecode.c.objc; name = CCNode.m; path = libs/cocos2d/CCNode.m; sourceTree = "<group>"; };
		9CD8790A15371124005B6315 /* CCParallaxNode.h */ = {isa = PBXFileReference; lastKnownFileType = sourcecode.c.h; name = CCParallaxNode.h; path = libs/cocos2d/CCParallaxNode.h; sourceTree = "<group>"; };
		9CD8790B15371124005B6315 /* CCParallaxNode.m */ = {isa = PBXFileReference; lastKnownFileType = sourcecode.c.objc; name = CCParallaxNode.m; path = libs/cocos2d/CCParallaxNode.m; sourceTree = "<group>"; };
		9CD8790D15371124005B6315 /* CCParticleExamples.h */ = {isa = PBXFileReference; lastKnownFileType = sourcecode.c.h; name = CCParticleExamples.h; path = libs/cocos2d/CCParticleExamples.h; sourceTree = "<group>"; };
		9CD8790E15371124005B6315 /* CCParticleExamples.m */ = {isa = PBXFileReference; lastKnownFileType = sourcecode.c.objc; name = CCParticleExamples.m; path = libs/cocos2d/CCParticleExamples.m; sourceTree = "<group>"; };
		9CD8791015371124005B6315 /* CCParticleSystem.h */ = {isa = PBXFileReference; lastKnownFileType = sourcecode.c.h; name = CCParticleSystem.h; path = libs/cocos2d/CCParticleSystem.h; sourceTree = "<group>"; };
		9CD8791115371124005B6315 /* CCParticleSystem.m */ = {isa = PBXFileReference; lastKnownFileType = sourcecode.c.objc; name = CCParticleSystem.m; path = libs/cocos2d/CCParticleSystem.m; sourceTree = "<group>"; };
		9CD8791315371124005B6315 /* CCParticleSystemPoint.h */ = {isa = PBXFileReference; lastKnownFileType = sourcecode.c.h; name = CCParticleSystemPoint.h; path = libs/cocos2d/CCParticleSystemPoint.h; sourceTree = "<group>"; };
		9CD8791415371124005B6315 /* CCParticleSystemPoint.m */ = {isa = PBXFileReference; lastKnownFileType = sourcecode.c.objc; name = CCParticleSystemPoint.m; path = libs/cocos2d/CCParticleSystemPoint.m; sourceTree = "<group>"; };
		9CD8791615371124005B6315 /* CCParticleSystemQuad.h */ = {isa = PBXFileReference; lastKnownFileType = sourcecode.c.h; name = CCParticleSystemQuad.h; path = libs/cocos2d/CCParticleSystemQuad.h; sourceTree = "<group>"; };
		9CD8791715371124005B6315 /* CCParticleSystemQuad.m */ = {isa = PBXFileReference; lastKnownFileType = sourcecode.c.objc; name = CCParticleSystemQuad.m; path = libs/cocos2d/CCParticleSystemQuad.m; sourceTree = "<group>"; };
		9CD8791915371124005B6315 /* CCProgressTimer.h */ = {isa = PBXFileReference; lastKnownFileType = sourcecode.c.h; name = CCProgressTimer.h; path = libs/cocos2d/CCProgressTimer.h; sourceTree = "<group>"; };
		9CD8791A15371124005B6315 /* CCProgressTimer.m */ = {isa = PBXFileReference; lastKnownFileType = sourcecode.c.objc; name = CCProgressTimer.m; path = libs/cocos2d/CCProgressTimer.m; sourceTree = "<group>"; };
		9CD8791C15371124005B6315 /* CCProtocols.h */ = {isa = PBXFileReference; lastKnownFileType = sourcecode.c.h; name = CCProtocols.h; path = libs/cocos2d/CCProtocols.h; sourceTree = "<group>"; };
		9CD8791D15371124005B6315 /* CCRenderTexture.h */ = {isa = PBXFileReference; lastKnownFileType = sourcecode.c.h; name = CCRenderTexture.h; path = libs/cocos2d/CCRenderTexture.h; sourceTree = "<group>"; };
		9CD8791E15371124005B6315 /* CCRenderTexture.m */ = {isa = PBXFileReference; lastKnownFileType = sourcecode.c.objc; name = CCRenderTexture.m; path = libs/cocos2d/CCRenderTexture.m; sourceTree = "<group>"; };
		9CD8792015371124005B6315 /* CCRibbon.h */ = {isa = PBXFileReference; lastKnownFileType = sourcecode.c.h; name = CCRibbon.h; path = libs/cocos2d/CCRibbon.h; sourceTree = "<group>"; };
		9CD8792115371124005B6315 /* CCRibbon.m */ = {isa = PBXFileReference; lastKnownFileType = sourcecode.c.objc; name = CCRibbon.m; path = libs/cocos2d/CCRibbon.m; sourceTree = "<group>"; };
		9CD8792315371124005B6315 /* CCScene.h */ = {isa = PBXFileReference; lastKnownFileType = sourcecode.c.h; name = CCScene.h; path = libs/cocos2d/CCScene.h; sourceTree = "<group>"; };
		9CD8792415371124005B6315 /* CCScene.m */ = {isa = PBXFileReference; lastKnownFileType = sourcecode.c.objc; name = CCScene.m; path = libs/cocos2d/CCScene.m; sourceTree = "<group>"; };
		9CD8792615371124005B6315 /* CCScheduler.h */ = {isa = PBXFileReference; lastKnownFileType = sourcecode.c.h; name = CCScheduler.h; path = libs/cocos2d/CCScheduler.h; sourceTree = "<group>"; };
		9CD8792715371124005B6315 /* CCScheduler.m */ = {isa = PBXFileReference; lastKnownFileType = sourcecode.c.objc; name = CCScheduler.m; path = libs/cocos2d/CCScheduler.m; sourceTree = "<group>"; };
		9CD8792915371124005B6315 /* CCSprite.h */ = {isa = PBXFileReference; lastKnownFileType = sourcecode.c.h; name = CCSprite.h; path = libs/cocos2d/CCSprite.h; sourceTree = "<group>"; };
		9CD8792A15371124005B6315 /* CCSprite.m */ = {isa = PBXFileReference; lastKnownFileType = sourcecode.c.objc; name = CCSprite.m; path = libs/cocos2d/CCSprite.m; sourceTree = "<group>"; };
		9CD8792C15371124005B6315 /* CCSpriteBatchNode.h */ = {isa = PBXFileReference; lastKnownFileType = sourcecode.c.h; name = CCSpriteBatchNode.h; path = libs/cocos2d/CCSpriteBatchNode.h; sourceTree = "<group>"; };
		9CD8792D15371124005B6315 /* CCSpriteBatchNode.m */ = {isa = PBXFileReference; lastKnownFileType = sourcecode.c.objc; name = CCSpriteBatchNode.m; path = libs/cocos2d/CCSpriteBatchNode.m; sourceTree = "<group>"; };
		9CD8792F15371124005B6315 /* CCSpriteFrame.h */ = {isa = PBXFileReference; lastKnownFileType = sourcecode.c.h; name = CCSpriteFrame.h; path = libs/cocos2d/CCSpriteFrame.h; sourceTree = "<group>"; };
		9CD8793015371124005B6315 /* CCSpriteFrame.m */ = {isa = PBXFileReference; lastKnownFileType = sourcecode.c.objc; name = CCSpriteFrame.m; path = libs/cocos2d/CCSpriteFrame.m; sourceTree = "<group>"; };
		9CD8793215371124005B6315 /* CCSpriteFrameCache.h */ = {isa = PBXFileReference; lastKnownFileType = sourcecode.c.h; name = CCSpriteFrameCache.h; path = libs/cocos2d/CCSpriteFrameCache.h; sourceTree = "<group>"; };
		9CD8793315371124005B6315 /* CCSpriteFrameCache.m */ = {isa = PBXFileReference; lastKnownFileType = sourcecode.c.objc; name = CCSpriteFrameCache.m; path = libs/cocos2d/CCSpriteFrameCache.m; sourceTree = "<group>"; };
		9CD8793515371124005B6315 /* CCTexture2D.h */ = {isa = PBXFileReference; lastKnownFileType = sourcecode.c.h; name = CCTexture2D.h; path = libs/cocos2d/CCTexture2D.h; sourceTree = "<group>"; };
		9CD8793615371124005B6315 /* CCTexture2D.m */ = {isa = PBXFileReference; lastKnownFileType = sourcecode.c.objc; name = CCTexture2D.m; path = libs/cocos2d/CCTexture2D.m; sourceTree = "<group>"; };
		9CD8793815371124005B6315 /* CCTextureAtlas.h */ = {isa = PBXFileReference; lastKnownFileType = sourcecode.c.h; name = CCTextureAtlas.h; path = libs/cocos2d/CCTextureAtlas.h; sourceTree = "<group>"; };
		9CD8793915371124005B6315 /* CCTextureAtlas.m */ = {isa = PBXFileReference; lastKnownFileType = sourcecode.c.objc; name = CCTextureAtlas.m; path = libs/cocos2d/CCTextureAtlas.m; sourceTree = "<group>"; };
		9CD8793B15371124005B6315 /* CCTextureCache.h */ = {isa = PBXFileReference; lastKnownFileType = sourcecode.c.h; name = CCTextureCache.h; path = libs/cocos2d/CCTextureCache.h; sourceTree = "<group>"; };
		9CD8793C15371124005B6315 /* CCTextureCache.m */ = {isa = PBXFileReference; lastKnownFileType = sourcecode.c.objc; name = CCTextureCache.m; path = libs/cocos2d/CCTextureCache.m; sourceTree = "<group>"; };
		9CD8793E15371124005B6315 /* CCTexturePVR.h */ = {isa = PBXFileReference; lastKnownFileType = sourcecode.c.h; name = CCTexturePVR.h; path = libs/cocos2d/CCTexturePVR.h; sourceTree = "<group>"; };
		9CD8793F15371124005B6315 /* CCTexturePVR.m */ = {isa = PBXFileReference; lastKnownFileType = sourcecode.c.objc; name = CCTexturePVR.m; path = libs/cocos2d/CCTexturePVR.m; sourceTree = "<group>"; };
		9CD8794115371124005B6315 /* CCTileMapAtlas.h */ = {isa = PBXFileReference; lastKnownFileType = sourcecode.c.h; name = CCTileMapAtlas.h; path = libs/cocos2d/CCTileMapAtlas.h; sourceTree = "<group>"; };
		9CD8794215371124005B6315 /* CCTileMapAtlas.m */ = {isa = PBXFileReference; lastKnownFileType = sourcecode.c.objc; name = CCTileMapAtlas.m; path = libs/cocos2d/CCTileMapAtlas.m; sourceTree = "<group>"; };
		9CD8794415371124005B6315 /* CCTMXLayer.h */ = {isa = PBXFileReference; lastKnownFileType = sourcecode.c.h; name = CCTMXLayer.h; path = libs/cocos2d/CCTMXLayer.h; sourceTree = "<group>"; };
		9CD8794515371124005B6315 /* CCTMXLayer.m */ = {isa = PBXFileReference; lastKnownFileType = sourcecode.c.objc; name = CCTMXLayer.m; path = libs/cocos2d/CCTMXLayer.m; sourceTree = "<group>"; };
		9CD8794715371124005B6315 /* CCTMXObjectGroup.h */ = {isa = PBXFileReference; lastKnownFileType = sourcecode.c.h; name = CCTMXObjectGroup.h; path = libs/cocos2d/CCTMXObjectGroup.h; sourceTree = "<group>"; };
		9CD8794815371124005B6315 /* CCTMXObjectGroup.m */ = {isa = PBXFileReference; lastKnownFileType = sourcecode.c.objc; name = CCTMXObjectGroup.m; path = libs/cocos2d/CCTMXObjectGroup.m; sourceTree = "<group>"; };
		9CD8794A15371124005B6315 /* CCTMXTiledMap.h */ = {isa = PBXFileReference; lastKnownFileType = sourcecode.c.h; name = CCTMXTiledMap.h; path = libs/cocos2d/CCTMXTiledMap.h; sourceTree = "<group>"; };
		9CD8794B15371124005B6315 /* CCTMXTiledMap.m */ = {isa = PBXFileReference; lastKnownFileType = sourcecode.c.objc; name = CCTMXTiledMap.m; path = libs/cocos2d/CCTMXTiledMap.m; sourceTree = "<group>"; };
		9CD8794D15371124005B6315 /* CCTMXXMLParser.h */ = {isa = PBXFileReference; lastKnownFileType = sourcecode.c.h; name = CCTMXXMLParser.h; path = libs/cocos2d/CCTMXXMLParser.h; sourceTree = "<group>"; };
		9CD8794E15371125005B6315 /* CCTMXXMLParser.m */ = {isa = PBXFileReference; lastKnownFileType = sourcecode.c.objc; name = CCTMXXMLParser.m; path = libs/cocos2d/CCTMXXMLParser.m; sourceTree = "<group>"; };
		9CD8795015371125005B6315 /* CCTransition.h */ = {isa = PBXFileReference; lastKnownFileType = sourcecode.c.h; name = CCTransition.h; path = libs/cocos2d/CCTransition.h; sourceTree = "<group>"; };
		9CD8795115371125005B6315 /* CCTransition.m */ = {isa = PBXFileReference; lastKnownFileType = sourcecode.c.objc; name = CCTransition.m; path = libs/cocos2d/CCTransition.m; sourceTree = "<group>"; };
		9CD8795315371125005B6315 /* CCTransitionPageTurn.h */ = {isa = PBXFileReference; lastKnownFileType = sourcecode.c.h; name = CCTransitionPageTurn.h; path = libs/cocos2d/CCTransitionPageTurn.h; sourceTree = "<group>"; };
		9CD8795415371125005B6315 /* CCTransitionPageTurn.m */ = {isa = PBXFileReference; lastKnownFileType = sourcecode.c.objc; name = CCTransitionPageTurn.m; path = libs/cocos2d/CCTransitionPageTurn.m; sourceTree = "<group>"; };
		9CD8795615371125005B6315 /* CCTransitionRadial.h */ = {isa = PBXFileReference; lastKnownFileType = sourcecode.c.h; name = CCTransitionRadial.h; path = libs/cocos2d/CCTransitionRadial.h; sourceTree = "<group>"; };
		9CD8795715371125005B6315 /* CCTransitionRadial.m */ = {isa = PBXFileReference; lastKnownFileType = sourcecode.c.objc; name = CCTransitionRadial.m; path = libs/cocos2d/CCTransitionRadial.m; sourceTree = "<group>"; };
		9CD8795915371125005B6315 /* ccTypes.h */ = {isa = PBXFileReference; lastKnownFileType = sourcecode.c.h; name = ccTypes.h; path = libs/cocos2d/ccTypes.h; sourceTree = "<group>"; };
		9CD8795A15371125005B6315 /* cocos2d.h */ = {isa = PBXFileReference; lastKnownFileType = sourcecode.c.h; name = cocos2d.h; path = libs/cocos2d/cocos2d.h; sourceTree = "<group>"; };
		9CD8795B15371125005B6315 /* cocos2d.m */ = {isa = PBXFileReference; lastKnownFileType = sourcecode.c.objc; name = cocos2d.m; path = libs/cocos2d/cocos2d.m; sourceTree = "<group>"; };
		9CD8795E15371125005B6315 /* CCGL.h */ = {isa = PBXFileReference; lastKnownFileType = sourcecode.c.h; name = CCGL.h; path = libs/cocos2d/Platforms/CCGL.h; sourceTree = "<group>"; };
		9CD8795F15371125005B6315 /* CCNS.h */ = {isa = PBXFileReference; lastKnownFileType = sourcecode.c.h; name = CCNS.h; path = libs/cocos2d/Platforms/CCNS.h; sourceTree = "<group>"; };
		9CD8796115371125005B6315 /* CCDirectorIOS.h */ = {isa = PBXFileReference; lastKnownFileType = sourcecode.c.h; name = CCDirectorIOS.h; path = libs/cocos2d/Platforms/iOS/CCDirectorIOS.h; sourceTree = "<group>"; };
		9CD8796215371125005B6315 /* CCDirectorIOS.m */ = {isa = PBXFileReference; lastKnownFileType = sourcecode.c.objc; name = CCDirectorIOS.m; path = libs/cocos2d/Platforms/iOS/CCDirectorIOS.m; sourceTree = "<group>"; };
		9CD8796415371125005B6315 /* CCTouchDelegateProtocol.h */ = {isa = PBXFileReference; lastKnownFileType = sourcecode.c.h; name = CCTouchDelegateProtocol.h; path = libs/cocos2d/Platforms/iOS/CCTouchDelegateProtocol.h; sourceTree = "<group>"; };
		9CD8796515371125005B6315 /* CCTouchDispatcher.h */ = {isa = PBXFileReference; lastKnownFileType = sourcecode.c.h; name = CCTouchDispatcher.h; path = libs/cocos2d/Platforms/iOS/CCTouchDispatcher.h; sourceTree = "<group>"; };
		9CD8796615371125005B6315 /* CCTouchDispatcher.m */ = {isa = PBXFileReference; lastKnownFileType = sourcecode.c.objc; name = CCTouchDispatcher.m; path = libs/cocos2d/Platforms/iOS/CCTouchDispatcher.m; sourceTree = "<group>"; };
		9CD8796815371125005B6315 /* CCTouchHandler.h */ = {isa = PBXFileReference; lastKnownFileType = sourcecode.c.h; name = CCTouchHandler.h; path = libs/cocos2d/Platforms/iOS/CCTouchHandler.h; sourceTree = "<group>"; };
		9CD8796915371125005B6315 /* CCTouchHandler.m */ = {isa = PBXFileReference; lastKnownFileType = sourcecode.c.objc; name = CCTouchHandler.m; path = libs/cocos2d/Platforms/iOS/CCTouchHandler.m; sourceTree = "<group>"; };
		9CD8796B15371125005B6315 /* EAGLView.h */ = {isa = PBXFileReference; lastKnownFileType = sourcecode.c.h; name = EAGLView.h; path = libs/cocos2d/Platforms/iOS/EAGLView.h; sourceTree = "<group>"; };
		9CD8796C15371125005B6315 /* EAGLView.m */ = {isa = PBXFileReference; lastKnownFileType = sourcecode.c.objc; name = EAGLView.m; path = libs/cocos2d/Platforms/iOS/EAGLView.m; sourceTree = "<group>"; };
		9CD8796E15371125005B6315 /* ES1Renderer.h */ = {isa = PBXFileReference; lastKnownFileType = sourcecode.c.h; name = ES1Renderer.h; path = libs/cocos2d/Platforms/iOS/ES1Renderer.h; sourceTree = "<group>"; };
		9CD8796F15371125005B6315 /* ES1Renderer.m */ = {isa = PBXFileReference; lastKnownFileType = sourcecode.c.objc; name = ES1Renderer.m; path = libs/cocos2d/Platforms/iOS/ES1Renderer.m; sourceTree = "<group>"; };
		9CD8797115371125005B6315 /* ESRenderer.h */ = {isa = PBXFileReference; lastKnownFileType = sourcecode.c.h; name = ESRenderer.h; path = libs/cocos2d/Platforms/iOS/ESRenderer.h; sourceTree = "<group>"; };
		9CD8797215371125005B6315 /* glu.c */ = {isa = PBXFileReference; lastKnownFileType = sourcecode.c.c; name = glu.c; path = libs/cocos2d/Platforms/iOS/glu.c; sourceTree = "<group>"; };
		9CD8797415371125005B6315 /* glu.h */ = {isa = PBXFileReference; lastKnownFileType = sourcecode.c.h; name = glu.h; path = libs/cocos2d/Platforms/iOS/glu.h; sourceTree = "<group>"; };
		9CD8797615371125005B6315 /* CCDirectorMac.h */ = {isa = PBXFileReference; lastKnownFileType = sourcecode.c.h; name = CCDirectorMac.h; path = libs/cocos2d/Platforms/Mac/CCDirectorMac.h; sourceTree = "<group>"; };
		9CD8797715371125005B6315 /* CCDirectorMac.m */ = {isa = PBXFileReference; lastKnownFileType = sourcecode.c.objc; name = CCDirectorMac.m; path = libs/cocos2d/Platforms/Mac/CCDirectorMac.m; sourceTree = "<group>"; };
		9CD8797915371125005B6315 /* CCEventDispatcher.h */ = {isa = PBXFileReference; lastKnownFileType = sourcecode.c.h; name = CCEventDispatcher.h; path = libs/cocos2d/Platforms/Mac/CCEventDispatcher.h; sourceTree = "<group>"; };
		9CD8797A15371125005B6315 /* CCEventDispatcher.m */ = {isa = PBXFileReference; lastKnownFileType = sourcecode.c.objc; name = CCEventDispatcher.m; path = libs/cocos2d/Platforms/Mac/CCEventDispatcher.m; sourceTree = "<group>"; };
		9CD8797C15371125005B6315 /* MacGLView.h */ = {isa = PBXFileReference; lastKnownFileType = sourcecode.c.h; name = MacGLView.h; path = libs/cocos2d/Platforms/Mac/MacGLView.h; sourceTree = "<group>"; };
		9CD8797D15371125005B6315 /* MacGLView.m */ = {isa = PBXFileReference; lastKnownFileType = sourcecode.c.objc; name = MacGLView.m; path = libs/cocos2d/Platforms/Mac/MacGLView.m; sourceTree = "<group>"; };
		9CD8797F15371125005B6315 /* MacWindow.h */ = {isa = PBXFileReference; lastKnownFileType = sourcecode.c.h; name = MacWindow.h; path = libs/cocos2d/Platforms/Mac/MacWindow.h; sourceTree = "<group>"; };
		9CD8798015371125005B6315 /* MacWindow.m */ = {isa = PBXFileReference; lastKnownFileType = sourcecode.c.objc; name = MacWindow.m; path = libs/cocos2d/Platforms/Mac/MacWindow.m; sourceTree = "<group>"; };
		9CD8798315371125005B6315 /* base64.c */ = {isa = PBXFileReference; lastKnownFileType = sourcecode.c.c; name = base64.c; path = libs/cocos2d/Support/base64.c; sourceTree = "<group>"; };
		9CD8798515371125005B6315 /* base64.h */ = {isa = PBXFileReference; lastKnownFileType = sourcecode.c.h; name = base64.h; path = libs/cocos2d/Support/base64.h; sourceTree = "<group>"; };
		9CD8798615371125005B6315 /* CCArray.h */ = {isa = PBXFileReference; lastKnownFileType = sourcecode.c.h; name = CCArray.h; path = libs/cocos2d/Support/CCArray.h; sourceTree = "<group>"; };
		9CD8798715371125005B6315 /* CCArray.m */ = {isa = PBXFileReference; lastKnownFileType = sourcecode.c.objc; name = CCArray.m; path = libs/cocos2d/Support/CCArray.m; sourceTree = "<group>"; };
		9CD8798915371125005B6315 /* ccCArray.h */ = {isa = PBXFileReference; lastKnownFileType = sourcecode.c.h; name = ccCArray.h; path = libs/cocos2d/Support/ccCArray.h; sourceTree = "<group>"; };
		9CD8798A15371125005B6315 /* CCFileUtils.h */ = {isa = PBXFileReference; lastKnownFileType = sourcecode.c.h; name = CCFileUtils.h; path = libs/cocos2d/Support/CCFileUtils.h; sourceTree = "<group>"; };
		9CD8798B15371125005B6315 /* CCFileUtils.m */ = {isa = PBXFileReference; lastKnownFileType = sourcecode.c.objc; name = CCFileUtils.m; path = libs/cocos2d/Support/CCFileUtils.m; sourceTree = "<group>"; };
		9CD8798D15371125005B6315 /* CCProfiling.h */ = {isa = PBXFileReference; lastKnownFileType = sourcecode.c.h; name = CCProfiling.h; path = libs/cocos2d/Support/CCProfiling.h; sourceTree = "<group>"; };
		9CD8798E15371125005B6315 /* CCProfiling.m */ = {isa = PBXFileReference; lastKnownFileType = sourcecode.c.objc; name = CCProfiling.m; path = libs/cocos2d/Support/CCProfiling.m; sourceTree = "<group>"; };
		9CD8799015371125005B6315 /* ccUtils.c */ = {isa = PBXFileReference; lastKnownFileType = sourcecode.c.c; name = ccUtils.c; path = libs/cocos2d/Support/ccUtils.c; sourceTree = "<group>"; };
		9CD8799215371125005B6315 /* ccUtils.h */ = {isa = PBXFileReference; lastKnownFileType = sourcecode.c.h; name = ccUtils.h; path = libs/cocos2d/Support/ccUtils.h; sourceTree = "<group>"; };
		9CD8799315371125005B6315 /* CGPointExtension.h */ = {isa = PBXFileReference; lastKnownFileType = sourcecode.c.h; name = CGPointExtension.h; path = libs/cocos2d/Support/CGPointExtension.h; sourceTree = "<group>"; };
		9CD8799415371125005B6315 /* CGPointExtension.m */ = {isa = PBXFileReference; lastKnownFileType = sourcecode.c.objc; name = CGPointExtension.m; path = libs/cocos2d/Support/CGPointExtension.m; sourceTree = "<group>"; };
		9CD8799615371125005B6315 /* OpenGL_Internal.h */ = {isa = PBXFileReference; lastKnownFileType = sourcecode.c.h; name = OpenGL_Internal.h; path = libs/cocos2d/Support/OpenGL_Internal.h; sourceTree = "<group>"; };
		9CD8799715371125005B6315 /* TGAlib.h */ = {isa = PBXFileReference; lastKnownFileType = sourcecode.c.h; name = TGAlib.h; path = libs/cocos2d/Support/TGAlib.h; sourceTree = "<group>"; };
		9CD8799815371125005B6315 /* TGAlib.m */ = {isa = PBXFileReference; lastKnownFileType = sourcecode.c.objc; name = TGAlib.m; path = libs/cocos2d/Support/TGAlib.m; sourceTree = "<group>"; };
		9CD8799A15371125005B6315 /* TransformUtils.h */ = {isa = PBXFileReference; lastKnownFileType = sourcecode.c.h; name = TransformUtils.h; path = libs/cocos2d/Support/TransformUtils.h; sourceTree = "<group>"; };
		9CD8799B15371125005B6315 /* TransformUtils.m */ = {isa = PBXFileReference; lastKnownFileType = sourcecode.c.objc; name = TransformUtils.m; path = libs/cocos2d/Support/TransformUtils.m; sourceTree = "<group>"; };
		9CD8799D15371125005B6315 /* uthash.h */ = {isa = PBXFileReference; lastKnownFileType = sourcecode.c.h; name = uthash.h; path = libs/cocos2d/Support/uthash.h; sourceTree = "<group>"; };
		9CD8799E15371125005B6315 /* utlist.h */ = {isa = PBXFileReference; lastKnownFileType = sourcecode.c.h; name = utlist.h; path = libs/cocos2d/Support/utlist.h; sourceTree = "<group>"; };
		9CD8799F15371125005B6315 /* ZipUtils.h */ = {isa = PBXFileReference; lastKnownFileType = sourcecode.c.h; name = ZipUtils.h; path = libs/cocos2d/Support/ZipUtils.h; sourceTree = "<group>"; };
		9CD879A015371125005B6315 /* ZipUtils.m */ = {isa = PBXFileReference; lastKnownFileType = sourcecode.c.objc; name = ZipUtils.m; path = libs/cocos2d/Support/ZipUtils.m; sourceTree = "<group>"; };
		9CD879A215371125005B6315 /* LICENSE_cocos2d.txt */ = {isa = PBXFileReference; lastKnownFileType = text; name = LICENSE_cocos2d.txt; path = libs/LICENSE_cocos2d.txt; sourceTree = "<group>"; };
		9CD879A415371125005B6315 /* CDAudioManager.h */ = {isa = PBXFileReference; lastKnownFileType = sourcecode.c.h; name = CDAudioManager.h; path = libs/CocosDenshion/CDAudioManager.h; sourceTree = "<group>"; };
		9CD879A515371125005B6315 /* CDAudioManager.m */ = {isa = PBXFileReference; lastKnownFileType = sourcecode.c.objc; name = CDAudioManager.m; path = libs/CocosDenshion/CDAudioManager.m; sourceTree = "<group>"; };
		9CD879A715371125005B6315 /* CDConfig.h */ = {isa = PBXFileReference; lastKnownFileType = sourcecode.c.h; name = CDConfig.h; path = libs/CocosDenshion/CDConfig.h; sourceTree = "<group>"; };
		9CD879A815371125005B6315 /* CDOpenALSupport.h */ = {isa = PBXFileReference; lastKnownFileType = sourcecode.c.h; name = CDOpenALSupport.h; path = libs/CocosDenshion/CDOpenALSupport.h; sourceTree = "<group>"; };
		9CD879A915371125005B6315 /* CDOpenALSupport.m */ = {isa = PBXFileReference; lastKnownFileType = sourcecode.c.objc; name = CDOpenALSupport.m; path = libs/CocosDenshion/CDOpenALSupport.m; sourceTree = "<group>"; };
		9CD879AB15371125005B6315 /* CocosDenshion.h */ = {isa = PBXFileReference; lastKnownFileType = sourcecode.c.h; name = CocosDenshion.h; path = libs/CocosDenshion/CocosDenshion.h; sourceTree = "<group>"; };
		9CD879AC15371125005B6315 /* CocosDenshion.m */ = {isa = PBXFileReference; lastKnownFileType = sourcecode.c.objc; name = CocosDenshion.m; path = libs/CocosDenshion/CocosDenshion.m; sourceTree = "<group>"; };
		9CD879AE15371125005B6315 /* SimpleAudioEngine.h */ = {isa = PBXFileReference; lastKnownFileType = sourcecode.c.h; name = SimpleAudioEngine.h; path = libs/CocosDenshion/SimpleAudioEngine.h; sourceTree = "<group>"; };
		9CD879AF15371125005B6315 /* SimpleAudioEngine.m */ = {isa = PBXFileReference; lastKnownFileType = sourcecode.c.objc; name = SimpleAudioEngine.m; path = libs/CocosDenshion/SimpleAudioEngine.m; sourceTree = "<group>"; };
		9CD879B115371125005B6315 /* LICENSE_CocosDenshion.txt */ = {isa = PBXFileReference; lastKnownFileType = text; name = LICENSE_CocosDenshion.txt; path = libs/LICENSE_CocosDenshion.txt; sourceTree = "<group>"; };
		9CD879B315371125005B6315 /* CLScoreServerPost.h */ = {isa = PBXFileReference; lastKnownFileType = sourcecode.c.h; name = CLScoreServerPost.h; path = libs/cocoslive/CLScoreServerPost.h; sourceTree = "<group>"; };
		9CD879B415371125005B6315 /* CLScoreServerPost.m */ = {isa = PBXFileReference; lastKnownFileType = sourcecode.c.objc; name = CLScoreServerPost.m; path = libs/cocoslive/CLScoreServerPost.m; sourceTree = "<group>"; };
		9CD879B615371125005B6315 /* CLScoreServerRequest.h */ = {isa = PBXFileReference; lastKnownFileType = sourcecode.c.h; name = CLScoreServerRequest.h; path = libs/cocoslive/CLScoreServerRequest.h; sourceTree = "<group>"; };
		9CD879B715371125005B6315 /* CLScoreServerRequest.m */ = {isa = PBXFileReference; lastKnownFileType = sourcecode.c.objc; name = CLScoreServerRequest.m; path = libs/cocoslive/CLScoreServerRequest.m; sourceTree = "<group>"; };
		9CD879B915371125005B6315 /* cocoslive.h */ = {isa = PBXFileReference; lastKnownFileType = sourcecode.c.h; name = cocoslive.h; path = libs/cocoslive/cocoslive.h; sourceTree = "<group>"; };
		9CD879BA15371125005B6315 /* cocoslive.m */ = {isa = PBXFileReference; lastKnownFileType = sourcecode.c.objc; name = cocoslive.m; path = libs/cocoslive/cocoslive.m; sourceTree = "<group>"; };
		9CD879BC15371125005B6315 /* LICENSE_TouchJSON.txt */ = {isa = PBXFileReference; lastKnownFileType = text; name = LICENSE_TouchJSON.txt; path = libs/LICENSE_TouchJSON.txt; sourceTree = "<group>"; };
		9CD879BE15371125005B6315 /* CDataScanner.h */ = {isa = PBXFileReference; lastKnownFileType = sourcecode.c.h; name = CDataScanner.h; path = libs/TouchJSON/CDataScanner.h; sourceTree = "<group>"; };
		9CD879BF15371125005B6315 /* CDataScanner.m */ = {isa = PBXFileReference; lastKnownFileType = sourcecode.c.objc; name = CDataScanner.m; path = libs/TouchJSON/CDataScanner.m; sourceTree = "<group>"; };
		9CD879C215371125005B6315 /* CDataScanner_Extensions.h */ = {isa = PBXFileReference; lastKnownFileType = sourcecode.c.h; name = CDataScanner_Extensions.h; path = libs/TouchJSON/Extensions/CDataScanner_Extensions.h; sourceTree = "<group>"; };
		9CD879C315371125005B6315 /* CDataScanner_Extensions.m */ = {isa = PBXFileReference; lastKnownFileType = sourcecode.c.objc; name = CDataScanner_Extensions.m; path = libs/TouchJSON/Extensions/CDataScanner_Extensions.m; sourceTree = "<group>"; };
		9CD879C515371125005B6315 /* NSDictionary_JSONExtensions.h */ = {isa = PBXFileReference; lastKnownFileType = sourcecode.c.h; name = NSDictionary_JSONExtensions.h; path = libs/TouchJSON/Extensions/NSDictionary_JSONExtensions.h; sourceTree = "<group>"; };
		9CD879C615371125005B6315 /* NSDictionary_JSONExtensions.m */ = {isa = PBXFileReference; lastKnownFileType = sourcecode.c.objc; name = NSDictionary_JSONExtensions.m; path = libs/TouchJSON/Extensions/NSDictionary_JSONExtensions.m; sourceTree = "<group>"; };
		9CD879C915371125005B6315 /* CJSONDeserializer.h */ = {isa = PBXFileReference; lastKnownFileType = sourcecode.c.h; name = CJSONDeserializer.h; path = libs/TouchJSON/JSON/CJSONDeserializer.h; sourceTree = "<group>"; };
		9CD879CA15371125005B6315 /* CJSONDeserializer.m */ = {isa = PBXFileReference; lastKnownFileType = sourcecode.c.objc; name = CJSONDeserializer.m; path = libs/TouchJSON/JSON/CJSONDeserializer.m; sourceTree = "<group>"; };
		9CD879CC15371125005B6315 /* CJSONScanner.h */ = {isa = PBXFileReference; lastKnownFileType = sourcecode.c.h; name = CJSONScanner.h; path = libs/TouchJSON/JSON/CJSONScanner.h; sourceTree = "<group>"; };
		9CD879CD15371125005B6315 /* CJSONScanner.m */ = {isa = PBXFileReference; lastKnownFileType = sourcecode.c.objc; name = CJSONScanner.m; path = libs/TouchJSON/JSON/CJSONScanner.m; sourceTree = "<group>"; };
		9CD879CF15371125005B6315 /* CJSONSerializer.h */ = {isa = PBXFileReference; lastKnownFileType = sourcecode.c.h; name = CJSONSerializer.h; path = libs/TouchJSON/JSON/CJSONSerializer.h; sourceTree = "<group>"; };
		9CD879D015371125005B6315 /* CJSONSerializer.m */ = {isa = PBXFileReference; lastKnownFileType = sourcecode.c.objc; name = CJSONSerializer.m; path = libs/TouchJSON/JSON/CJSONSerializer.m; sourceTree = "<group>"; };
		9CD879D215371125005B6315 /* JSONRepresentation.h */ = {isa = PBXFileReference; lastKnownFileType = sourcecode.c.h; name = JSONRepresentation.h; path = libs/TouchJSON/JSON/JSONRepresentation.h; sourceTree = "<group>"; };
		9CD879D415371125005B6315 /* FontLabel.h */ = {isa = PBXFileReference; lastKnownFileType = sourcecode.c.h; name = FontLabel.h; path = libs/FontLabel/FontLabel.h; sourceTree = "<group>"; };
		9CD879D515371125005B6315 /* FontLabel.m */ = {isa = PBXFileReference; lastKnownFileType = sourcecode.c.objc; name = FontLabel.m; path = libs/FontLabel/FontLabel.m; sourceTree = "<group>"; };
		9CD879D715371125005B6315 /* FontLabelStringDrawing.h */ = {isa = PBXFileReference; lastKnownFileType = sourcecode.c.h; name = FontLabelStringDrawing.h; path = libs/FontLabel/FontLabelStringDrawing.h; sourceTree = "<group>"; };
		9CD879D815371125005B6315 /* FontLabelStringDrawing.m */ = {isa = PBXFileReference; lastKnownFileType = sourcecode.c.objc; name = FontLabelStringDrawing.m; path = libs/FontLabel/FontLabelStringDrawing.m; sourceTree = "<group>"; };
		9CD879DA15371125005B6315 /* FontManager.h */ = {isa = PBXFileReference; lastKnownFileType = sourcecode.c.h; name = FontManager.h; path = libs/FontLabel/FontManager.h; sourceTree = "<group>"; };
		9CD879DB15371125005B6315 /* FontManager.m */ = {isa = PBXFileReference; lastKnownFileType = sourcecode.c.objc; name = FontManager.m; path = libs/FontLabel/FontManager.m; sourceTree = "<group>"; };
		9CD879DD15371125005B6315 /* ZAttributedString.h */ = {isa = PBXFileReference; lastKnownFileType = sourcecode.c.h; name = ZAttributedString.h; path = libs/FontLabel/ZAttributedString.h; sourceTree = "<group>"; };
		9CD879DE15371125005B6315 /* ZAttributedString.m */ = {isa = PBXFileReference; lastKnownFileType = sourcecode.c.objc; name = ZAttributedString.m; path = libs/FontLabel/ZAttributedString.m; sourceTree = "<group>"; };
		9CD879E015371125005B6315 /* ZAttributedStringPrivate.h */ = {isa = PBXFileReference; lastKnownFileType = sourcecode.c.h; name = ZAttributedStringPrivate.h; path = libs/FontLabel/ZAttributedStringPrivate.h; sourceTree = "<group>"; };
		9CD879E115371125005B6315 /* ZFont.h */ = {isa = PBXFileReference; lastKnownFileType = sourcecode.c.h; name = ZFont.h; path = libs/FontLabel/ZFont.h; sourceTree = "<group>"; };
		9CD879E215371125005B6315 /* ZFont.m */ = {isa = PBXFileReference; lastKnownFileType = sourcecode.c.objc; name = ZFont.m; path = libs/FontLabel/ZFont.m; sourceTree = "<group>"; };
		9CD879E415371125005B6315 /* LICENSE_FontLabel.txt */ = {isa = PBXFileReference; lastKnownFileType = text; name = LICENSE_FontLabel.txt; path = libs/LICENSE_FontLabel.txt; sourceTree = "<group>"; };
		9CD879E615371125005B6315 /* Prefix.pch */ = {isa = PBXFileReference; lastKnownFileType = sourcecode.c.h; path = Prefix.pch; sourceTree = "<group>"; };
		9CD879E715371125005B6315 /* main.m */ = {isa = PBXFileReference; lastKnownFileType = sourcecode.c.objc; path = main.m; sourceTree = "<group>"; };
		9CD879E915371125005B6315 /* AppDelegate.h */ = {isa = PBXFileReference; lastKnownFileType = sourcecode.c.h; path = AppDelegate.h; sourceTree = "<group>"; };
		9CD879EA15371125005B6315 /* AppDelegate.m */ = {isa = PBXFileReference; lastKnownFileType = sourcecode.c.objc; path = AppDelegate.m; sourceTree = "<group>"; };
		9CD879EC15371125005B6315 /* RootViewController.h */ = {isa = PBXFileReference; lastKnownFileType = sourcecode.c.h; path = RootViewController.h; sourceTree = "<group>"; };
		9CD879ED15371125005B6315 /* RootViewController.m */ = {isa = PBXFileReference; lastKnownFileType = sourcecode.c.objc; path = RootViewController.m; sourceTree = "<group>"; };
		9CD879EF15371125005B6315 /* HelloWorldLayer.h */ = {isa = PBXFileReference; lastKnownFileType = sourcecode.c.h; path = HelloWorldLayer.h; sourceTree = "<group>"; };
		9CD879F015371125005B6315 /* HelloWorldLayer.m */ = {isa = PBXFileReference; lastKnownFileType = sourcecode.c.objc; path = HelloWorldLayer.m; sourceTree = "<group>"; };
		9CD879F215371125005B6315 /* GameConfig.h */ = {isa = PBXFileReference; lastKnownFileType = sourcecode.c.h; path = GameConfig.h; sourceTree = "<group>"; };
/* End PBXFileReference section */

/* Begin PBXFrameworksBuildPhase section */
		9CD8788015371123005B6315 /* Frameworks */ = {
			isa = PBXFrameworksBuildPhase;
			buildActionMask = 2147483647;
			files = (
				9CD8788815371123005B6315 /* QuartzCore.framework in Frameworks */,
				9CD8788A15371123005B6315 /* OpenGLES.framework in Frameworks */,
				9CD8788C15371123005B6315 /* OpenAL.framework in Frameworks */,
				9CD8788E15371123005B6315 /* AudioToolbox.framework in Frameworks */,
				9CD8789015371123005B6315 /* AVFoundation.framework in Frameworks */,
				9CD8789215371123005B6315 /* UIKit.framework in Frameworks */,
				9CD8789415371123005B6315 /* Foundation.framework in Frameworks */,
				9CD8789615371123005B6315 /* CoreGraphics.framework in Frameworks */,
			);
			runOnlyForDeploymentPostprocessing = 0;
		};
/* End PBXFrameworksBuildPhase section */

/* Begin PBXGroup section */
		9CD8787815371123005B6315 = {
			isa = PBXGroup;
			children = (
				9CD8789715371123005B6315 /* Invocator */,
				9CD8788615371123005B6315 /* Frameworks */,
				9CD8788415371123005B6315 /* Products */,
			);
			sourceTree = "<group>";
		};
		9CD8788415371123005B6315 /* Products */ = {
			isa = PBXGroup;
			children = (
				9CD8788315371123005B6315 /* Invocator.app */,
			);
			name = Products;
			sourceTree = "<group>";
		};
		9CD8788615371123005B6315 /* Frameworks */ = {
			isa = PBXGroup;
			children = (
				9CD8788715371123005B6315 /* QuartzCore.framework */,
				9CD8788915371123005B6315 /* OpenGLES.framework */,
				9CD8788B15371123005B6315 /* OpenAL.framework */,
				9CD8788D15371123005B6315 /* AudioToolbox.framework */,
				9CD8788F15371123005B6315 /* AVFoundation.framework */,
				9CD8789115371123005B6315 /* UIKit.framework */,
				9CD8789315371123005B6315 /* Foundation.framework */,
				9CD8789515371123005B6315 /* CoreGraphics.framework */,
			);
			name = Frameworks;
			sourceTree = "<group>";
		};
		9CD8789715371123005B6315 /* Invocator */ = {
			isa = PBXGroup;
			children = (
				9CD879E915371125005B6315 /* AppDelegate.h */,
				9CD879EA15371125005B6315 /* AppDelegate.m */,
				9CD879EC15371125005B6315 /* RootViewController.h */,
				9CD879ED15371125005B6315 /* RootViewController.m */,
				9CD879EF15371125005B6315 /* HelloWorldLayer.h */,
				9CD879F015371125005B6315 /* HelloWorldLayer.m */,
				9CD879F215371125005B6315 /* GameConfig.h */,
				9CD8789815371123005B6315 /* Resources */,
				9CD878AC15371123005B6315 /* libs */,
				9CD879E515371125005B6315 /* Supporting Files */,
			);
			path = Invocator;
			sourceTree = "<group>";
		};
		9CD8789815371123005B6315 /* Resources */ = {
			isa = PBXGroup;
			children = (
				9CD8789915371123005B6315 /* Default.png */,
				9CD8789B15371123005B6315 /* fps_images.png */,
				9CD8789D15371123005B6315 /* Icon-72.png */,
				9CD8789F15371123005B6315 /* Icon-Small-50.png */,
				9CD878A115371123005B6315 /* Icon-Small.png */,
				9CD878A315371123005B6315 /* Icon-Small@2x.png */,
				9CD878A515371123005B6315 /* Icon.png */,
				9CD878A715371123005B6315 /* Icon@2x.png */,
				9CD878A915371123005B6315 /* Info.plist */,
				9CD878AA15371123005B6315 /* iTunesArtwork */,
			);
			name = Resources;
			sourceTree = "<group>";
		};
		9CD878AC15371123005B6315 /* libs */ = {
			isa = PBXGroup;
			children = (
				9CD879A215371125005B6315 /* LICENSE_cocos2d.txt */,
				9CD879B115371125005B6315 /* LICENSE_CocosDenshion.txt */,
				9CD879BC15371125005B6315 /* LICENSE_TouchJSON.txt */,
				9CD879E415371125005B6315 /* LICENSE_FontLabel.txt */,
				9CD878AD15371123005B6315 /* cocos2d */,
				9CD879A315371125005B6315 /* CocosDenshion */,
				9CD879B215371125005B6315 /* cocoslive */,
				9CD879BD15371125005B6315 /* TouchJSON */,
				9CD879D315371125005B6315 /* FontLabel */,
			);
			name = libs;
			sourceTree = "<group>";
		};
		9CD878AD15371123005B6315 /* cocos2d */ = {
			isa = PBXGroup;
			children = (
				9CD878AE15371123005B6315 /* CCAction.h */,
				9CD878AF15371123005B6315 /* CCAction.m */,
				9CD878B115371123005B6315 /* CCActionCamera.h */,
				9CD878B215371123005B6315 /* CCActionCamera.m */,
				9CD878B415371123005B6315 /* CCActionEase.h */,
				9CD878B515371123005B6315 /* CCActionEase.m */,
				9CD878B715371123005B6315 /* CCActionGrid.h */,
				9CD878B815371123005B6315 /* CCActionGrid.m */,
				9CD878BA15371123005B6315 /* CCActionGrid3D.h */,
				9CD878BB15371123005B6315 /* CCActionGrid3D.m */,
				9CD878BD15371123005B6315 /* CCActionInstant.h */,
				9CD878BE15371123005B6315 /* CCActionInstant.m */,
				9CD878C015371123005B6315 /* CCActionInterval.h */,
				9CD878C115371124005B6315 /* CCActionInterval.m */,
				9CD878C315371124005B6315 /* CCActionManager.h */,
				9CD878C415371124005B6315 /* CCActionManager.m */,
				9CD878C615371124005B6315 /* CCActionPageTurn3D.h */,
				9CD878C715371124005B6315 /* CCActionPageTurn3D.m */,
				9CD878C915371124005B6315 /* CCActionProgressTimer.h */,
				9CD878CA15371124005B6315 /* CCActionProgressTimer.m */,
				9CD878CC15371124005B6315 /* CCActionTiledGrid.h */,
				9CD878CD15371124005B6315 /* CCActionTiledGrid.m */,
				9CD878CF15371124005B6315 /* CCActionTween.h */,
				9CD878D015371124005B6315 /* CCActionTween.m */,
				9CD878D215371124005B6315 /* CCAnimation.h */,
				9CD878D315371124005B6315 /* CCAnimation.m */,
				9CD878D515371124005B6315 /* CCAnimationCache.h */,
				9CD878D615371124005B6315 /* CCAnimationCache.m */,
				9CD878D815371124005B6315 /* CCAtlasNode.h */,
				9CD878D915371124005B6315 /* CCAtlasNode.m */,
				9CD878DB15371124005B6315 /* CCBlockSupport.h */,
				9CD878DC15371124005B6315 /* CCBlockSupport.m */,
				9CD878DE15371124005B6315 /* CCCamera.h */,
				9CD878DF15371124005B6315 /* CCCamera.m */,
				9CD878E115371124005B6315 /* ccConfig.h */,
				9CD878E215371124005B6315 /* CCConfiguration.h */,
				9CD878E315371124005B6315 /* CCConfiguration.m */,
				9CD878E515371124005B6315 /* CCDirector.h */,
				9CD878E615371124005B6315 /* CCDirector.m */,
				9CD878E815371124005B6315 /* CCDrawingPrimitives.h */,
				9CD878E915371124005B6315 /* CCDrawingPrimitives.m */,
				9CD878EB15371124005B6315 /* CCGrabber.h */,
				9CD878EC15371124005B6315 /* CCGrabber.m */,
				9CD878EE15371124005B6315 /* CCGrid.h */,
				9CD878EF15371124005B6315 /* CCGrid.m */,
				9CD878F115371124005B6315 /* CCLabelAtlas.h */,
				9CD878F215371124005B6315 /* CCLabelAtlas.m */,
				9CD878F415371124005B6315 /* CCLabelBMFont.h */,
				9CD878F515371124005B6315 /* CCLabelBMFont.m */,
				9CD878F715371124005B6315 /* CCLabelTTF.h */,
				9CD878F815371124005B6315 /* CCLabelTTF.m */,
				9CD878FA15371124005B6315 /* CCLayer.h */,
				9CD878FB15371124005B6315 /* CCLayer.m */,
				9CD878FD15371124005B6315 /* ccMacros.h */,
				9CD878FE15371124005B6315 /* CCMenu.h */,
				9CD878FF15371124005B6315 /* CCMenu.m */,
				9CD8790115371124005B6315 /* CCMenuItem.h */,
				9CD8790215371124005B6315 /* CCMenuItem.m */,
				9CD8790415371124005B6315 /* CCMotionStreak.h */,
				9CD8790515371124005B6315 /* CCMotionStreak.m */,
				9CD8790715371124005B6315 /* CCNode.h */,
				9CD8790815371124005B6315 /* CCNode.m */,
				9CD8790A15371124005B6315 /* CCParallaxNode.h */,
				9CD8790B15371124005B6315 /* CCParallaxNode.m */,
				9CD8790D15371124005B6315 /* CCParticleExamples.h */,
				9CD8790E15371124005B6315 /* CCParticleExamples.m */,
				9CD8791015371124005B6315 /* CCParticleSystem.h */,
				9CD8791115371124005B6315 /* CCParticleSystem.m */,
				9CD8791315371124005B6315 /* CCParticleSystemPoint.h */,
				9CD8791415371124005B6315 /* CCParticleSystemPoint.m */,
				9CD8791615371124005B6315 /* CCParticleSystemQuad.h */,
				9CD8791715371124005B6315 /* CCParticleSystemQuad.m */,
				9CD8791915371124005B6315 /* CCProgressTimer.h */,
				9CD8791A15371124005B6315 /* CCProgressTimer.m */,
				9CD8791C15371124005B6315 /* CCProtocols.h */,
				9CD8791D15371124005B6315 /* CCRenderTexture.h */,
				9CD8791E15371124005B6315 /* CCRenderTexture.m */,
				9CD8792015371124005B6315 /* CCRibbon.h */,
				9CD8792115371124005B6315 /* CCRibbon.m */,
				9CD8792315371124005B6315 /* CCScene.h */,
				9CD8792415371124005B6315 /* CCScene.m */,
				9CD8792615371124005B6315 /* CCScheduler.h */,
				9CD8792715371124005B6315 /* CCScheduler.m */,
				9CD8792915371124005B6315 /* CCSprite.h */,
				9CD8792A15371124005B6315 /* CCSprite.m */,
				9CD8792C15371124005B6315 /* CCSpriteBatchNode.h */,
				9CD8792D15371124005B6315 /* CCSpriteBatchNode.m */,
				9CD8792F15371124005B6315 /* CCSpriteFrame.h */,
				9CD8793015371124005B6315 /* CCSpriteFrame.m */,
				9CD8793215371124005B6315 /* CCSpriteFrameCache.h */,
				9CD8793315371124005B6315 /* CCSpriteFrameCache.m */,
				9CD8793515371124005B6315 /* CCTexture2D.h */,
				9CD8793615371124005B6315 /* CCTexture2D.m */,
				9CD8793815371124005B6315 /* CCTextureAtlas.h */,
				9CD8793915371124005B6315 /* CCTextureAtlas.m */,
				9CD8793B15371124005B6315 /* CCTextureCache.h */,
				9CD8793C15371124005B6315 /* CCTextureCache.m */,
				9CD8793E15371124005B6315 /* CCTexturePVR.h */,
				9CD8793F15371124005B6315 /* CCTexturePVR.m */,
				9CD8794115371124005B6315 /* CCTileMapAtlas.h */,
				9CD8794215371124005B6315 /* CCTileMapAtlas.m */,
				9CD8794415371124005B6315 /* CCTMXLayer.h */,
				9CD8794515371124005B6315 /* CCTMXLayer.m */,
				9CD8794715371124005B6315 /* CCTMXObjectGroup.h */,
				9CD8794815371124005B6315 /* CCTMXObjectGroup.m */,
				9CD8794A15371124005B6315 /* CCTMXTiledMap.h */,
				9CD8794B15371124005B6315 /* CCTMXTiledMap.m */,
				9CD8794D15371124005B6315 /* CCTMXXMLParser.h */,
				9CD8794E15371125005B6315 /* CCTMXXMLParser.m */,
				9CD8795015371125005B6315 /* CCTransition.h */,
				9CD8795115371125005B6315 /* CCTransition.m */,
				9CD8795315371125005B6315 /* CCTransitionPageTurn.h */,
				9CD8795415371125005B6315 /* CCTransitionPageTurn.m */,
				9CD8795615371125005B6315 /* CCTransitionRadial.h */,
				9CD8795715371125005B6315 /* CCTransitionRadial.m */,
				9CD8795915371125005B6315 /* ccTypes.h */,
				9CD8795A15371125005B6315 /* cocos2d.h */,
				9CD8795B15371125005B6315 /* cocos2d.m */,
				9CD8795D15371125005B6315 /* Platforms */,
				9CD8798215371125005B6315 /* Support */,
			);
			name = cocos2d;
			sourceTree = "<group>";
		};
		9CD8795D15371125005B6315 /* Platforms */ = {
			isa = PBXGroup;
			children = (
				9CD8795E15371125005B6315 /* CCGL.h */,
				9CD8795F15371125005B6315 /* CCNS.h */,
				9CD8796015371125005B6315 /* iOS */,
				9CD8797515371125005B6315 /* Mac */,
			);
			name = Platforms;
			sourceTree = "<group>";
		};
		9CD8796015371125005B6315 /* iOS */ = {
			isa = PBXGroup;
			children = (
				9CD8796115371125005B6315 /* CCDirectorIOS.h */,
				9CD8796215371125005B6315 /* CCDirectorIOS.m */,
				9CD8796415371125005B6315 /* CCTouchDelegateProtocol.h */,
				9CD8796515371125005B6315 /* CCTouchDispatcher.h */,
				9CD8796615371125005B6315 /* CCTouchDispatcher.m */,
				9CD8796815371125005B6315 /* CCTouchHandler.h */,
				9CD8796915371125005B6315 /* CCTouchHandler.m */,
				9CD8796B15371125005B6315 /* EAGLView.h */,
				9CD8796C15371125005B6315 /* EAGLView.m */,
				9CD8796E15371125005B6315 /* ES1Renderer.h */,
				9CD8796F15371125005B6315 /* ES1Renderer.m */,
				9CD8797115371125005B6315 /* ESRenderer.h */,
				9CD8797215371125005B6315 /* glu.c */,
				9CD8797415371125005B6315 /* glu.h */,
			);
			name = iOS;
			sourceTree = "<group>";
		};
		9CD8797515371125005B6315 /* Mac */ = {
			isa = PBXGroup;
			children = (
				9CD8797615371125005B6315 /* CCDirectorMac.h */,
				9CD8797715371125005B6315 /* CCDirectorMac.m */,
				9CD8797915371125005B6315 /* CCEventDispatcher.h */,
				9CD8797A15371125005B6315 /* CCEventDispatcher.m */,
				9CD8797C15371125005B6315 /* MacGLView.h */,
				9CD8797D15371125005B6315 /* MacGLView.m */,
				9CD8797F15371125005B6315 /* MacWindow.h */,
				9CD8798015371125005B6315 /* MacWindow.m */,
			);
			name = Mac;
			sourceTree = "<group>";
		};
		9CD8798215371125005B6315 /* Support */ = {
			isa = PBXGroup;
			children = (
				9CD8798315371125005B6315 /* base64.c */,
				9CD8798515371125005B6315 /* base64.h */,
				9CD8798615371125005B6315 /* CCArray.h */,
				9CD8798715371125005B6315 /* CCArray.m */,
				9CD8798915371125005B6315 /* ccCArray.h */,
				9CD8798A15371125005B6315 /* CCFileUtils.h */,
				9CD8798B15371125005B6315 /* CCFileUtils.m */,
				9CD8798D15371125005B6315 /* CCProfiling.h */,
				9CD8798E15371125005B6315 /* CCProfiling.m */,
				9CD8799015371125005B6315 /* ccUtils.c */,
				9CD8799215371125005B6315 /* ccUtils.h */,
				9CD8799315371125005B6315 /* CGPointExtension.h */,
				9CD8799415371125005B6315 /* CGPointExtension.m */,
				9CD8799615371125005B6315 /* OpenGL_Internal.h */,
				9CD8799715371125005B6315 /* TGAlib.h */,
				9CD8799815371125005B6315 /* TGAlib.m */,
				9CD8799A15371125005B6315 /* TransformUtils.h */,
				9CD8799B15371125005B6315 /* TransformUtils.m */,
				9CD8799D15371125005B6315 /* uthash.h */,
				9CD8799E15371125005B6315 /* utlist.h */,
				9CD8799F15371125005B6315 /* ZipUtils.h */,
				9CD879A015371125005B6315 /* ZipUtils.m */,
			);
			name = Support;
			sourceTree = "<group>";
		};
		9CD879A315371125005B6315 /* CocosDenshion */ = {
			isa = PBXGroup;
			children = (
				9CD879A415371125005B6315 /* CDAudioManager.h */,
				9CD879A515371125005B6315 /* CDAudioManager.m */,
				9CD879A715371125005B6315 /* CDConfig.h */,
				9CD879A815371125005B6315 /* CDOpenALSupport.h */,
				9CD879A915371125005B6315 /* CDOpenALSupport.m */,
				9CD879AB15371125005B6315 /* CocosDenshion.h */,
				9CD879AC15371125005B6315 /* CocosDenshion.m */,
				9CD879AE15371125005B6315 /* SimpleAudioEngine.h */,
				9CD879AF15371125005B6315 /* SimpleAudioEngine.m */,
			);
			name = CocosDenshion;
			sourceTree = "<group>";
		};
		9CD879B215371125005B6315 /* cocoslive */ = {
			isa = PBXGroup;
			children = (
				9CD879B315371125005B6315 /* CLScoreServerPost.h */,
				9CD879B415371125005B6315 /* CLScoreServerPost.m */,
				9CD879B615371125005B6315 /* CLScoreServerRequest.h */,
				9CD879B715371125005B6315 /* CLScoreServerRequest.m */,
				9CD879B915371125005B6315 /* cocoslive.h */,
				9CD879BA15371125005B6315 /* cocoslive.m */,
			);
			name = cocoslive;
			sourceTree = "<group>";
		};
		9CD879BD15371125005B6315 /* TouchJSON */ = {
			isa = PBXGroup;
			children = (
				9CD879BE15371125005B6315 /* CDataScanner.h */,
				9CD879BF15371125005B6315 /* CDataScanner.m */,
				9CD879C115371125005B6315 /* Extensions */,
				9CD879C815371125005B6315 /* JSON */,
			);
			name = TouchJSON;
			sourceTree = "<group>";
		};
		9CD879C115371125005B6315 /* Extensions */ = {
			isa = PBXGroup;
			children = (
				9CD879C215371125005B6315 /* CDataScanner_Extensions.h */,
				9CD879C315371125005B6315 /* CDataScanner_Extensions.m */,
				9CD879C515371125005B6315 /* NSDictionary_JSONExtensions.h */,
				9CD879C615371125005B6315 /* NSDictionary_JSONExtensions.m */,
			);
			name = Extensions;
			sourceTree = "<group>";
		};
		9CD879C815371125005B6315 /* JSON */ = {
			isa = PBXGroup;
			children = (
				9CD879C915371125005B6315 /* CJSONDeserializer.h */,
				9CD879CA15371125005B6315 /* CJSONDeserializer.m */,
				9CD879CC15371125005B6315 /* CJSONScanner.h */,
				9CD879CD15371125005B6315 /* CJSONScanner.m */,
				9CD879CF15371125005B6315 /* CJSONSerializer.h */,
				9CD879D015371125005B6315 /* CJSONSerializer.m */,
				9CD879D215371125005B6315 /* JSONRepresentation.h */,
			);
			name = JSON;
			sourceTree = "<group>";
		};
		9CD879D315371125005B6315 /* FontLabel */ = {
			isa = PBXGroup;
			children = (
				9CD879D415371125005B6315 /* FontLabel.h */,
				9CD879D515371125005B6315 /* FontLabel.m */,
				9CD879D715371125005B6315 /* FontLabelStringDrawing.h */,
				9CD879D815371125005B6315 /* FontLabelStringDrawing.m */,
				9CD879DA15371125005B6315 /* FontManager.h */,
				9CD879DB15371125005B6315 /* FontManager.m */,
				9CD879DD15371125005B6315 /* ZAttributedString.h */,
				9CD879DE15371125005B6315 /* ZAttributedString.m */,
				9CD879E015371125005B6315 /* ZAttributedStringPrivate.h */,
				9CD879E115371125005B6315 /* ZFont.h */,
				9CD879E215371125005B6315 /* ZFont.m */,
			);
			name = FontLabel;
			sourceTree = "<group>";
		};
		9CD879E515371125005B6315 /* Supporting Files */ = {
			isa = PBXGroup;
			children = (
				9CD879E615371125005B6315 /* Prefix.pch */,
				9CD879E715371125005B6315 /* main.m */,
			);
			name = "Supporting Files";
			sourceTree = "<group>";
		};
/* End PBXGroup section */

/* Begin PBXNativeTarget section */
		9CD8788215371123005B6315 /* Invocator */ = {
			isa = PBXNativeTarget;
			buildConfigurationList = 9CD879F515371125005B6315 /* Build configuration list for PBXNativeTarget "Invocator" */;
			buildPhases = (
				9CD8787F15371123005B6315 /* Sources */,
				9CD8788015371123005B6315 /* Frameworks */,
				9CD8788115371123005B6315 /* Resources */,
			);
			buildRules = (
			);
			dependencies = (
			);
			name = Invocator;
			productName = Invocator;
			productReference = 9CD8788315371123005B6315 /* Invocator.app */;
			productType = "com.apple.product-type.application";
		};
/* End PBXNativeTarget section */

/* Begin PBXProject section */
		9CD8787A15371123005B6315 /* Project object */ = {
			isa = PBXProject;
			attributes = {
				LastUpgradeCheck = 0430;
				ORGANIZATIONNAME = "Kronecker's Delta Studio";
			};
			buildConfigurationList = 9CD8787D15371123005B6315 /* Build configuration list for PBXProject "Invocator" */;
			compatibilityVersion = "Xcode 3.2";
			developmentRegion = English;
			hasScannedForEncodings = 0;
			knownRegions = (
				en,
			);
			mainGroup = 9CD8787815371123005B6315;
			productRefGroup = 9CD8788415371123005B6315 /* Products */;
			projectDirPath = "";
			projectRoot = "";
			targets = (
				9CD8788215371123005B6315 /* Invocator */,
			);
		};
/* End PBXProject section */

/* Begin PBXResourcesBuildPhase section */
		9CD8788115371123005B6315 /* Resources */ = {
			isa = PBXResourcesBuildPhase;
			buildActionMask = 2147483647;
			files = (
				9CD8789A15371123005B6315 /* Default.png in Resources */,
				9CD8789C15371123005B6315 /* fps_images.png in Resources */,
				9CD8789E15371123005B6315 /* Icon-72.png in Resources */,
				9CD878A015371123005B6315 /* Icon-Small-50.png in Resources */,
				9CD878A215371123005B6315 /* Icon-Small.png in Resources */,
				9CD878A415371123005B6315 /* Icon-Small@2x.png in Resources */,
				9CD878A615371123005B6315 /* Icon.png in Resources */,
				9CD878A815371123005B6315 /* Icon@2x.png in Resources */,
				9CD878AB15371123005B6315 /* iTunesArtwork in Resources */,
			);
			runOnlyForDeploymentPostprocessing = 0;
		};
/* End PBXResourcesBuildPhase section */

/* Begin PBXSourcesBuildPhase section */
		9CD8787F15371123005B6315 /* Sources */ = {
			isa = PBXSourcesBuildPhase;
			buildActionMask = 2147483647;
			files = (
				9CD878B015371123005B6315 /* CCAction.m in Sources */,
				9CD878B315371123005B6315 /* CCActionCamera.m in Sources */,
				9CD878B615371123005B6315 /* CCActionEase.m in Sources */,
				9CD878B915371123005B6315 /* CCActionGrid.m in Sources */,
				9CD878BC15371123005B6315 /* CCActionGrid3D.m in Sources */,
				9CD878BF15371123005B6315 /* CCActionInstant.m in Sources */,
				9CD878C215371124005B6315 /* CCActionInterval.m in Sources */,
				9CD878C515371124005B6315 /* CCActionManager.m in Sources */,
				9CD878C815371124005B6315 /* CCActionPageTurn3D.m in Sources */,
				9CD878CB15371124005B6315 /* CCActionProgressTimer.m in Sources */,
				9CD878CE15371124005B6315 /* CCActionTiledGrid.m in Sources */,
				9CD878D115371124005B6315 /* CCActionTween.m in Sources */,
				9CD878D415371124005B6315 /* CCAnimation.m in Sources */,
				9CD878D715371124005B6315 /* CCAnimationCache.m in Sources */,
				9CD878DA15371124005B6315 /* CCAtlasNode.m in Sources */,
				9CD878DD15371124005B6315 /* CCBlockSupport.m in Sources */,
				9CD878E015371124005B6315 /* CCCamera.m in Sources */,
				9CD878E415371124005B6315 /* CCConfiguration.m in Sources */,
				9CD878E715371124005B6315 /* CCDirector.m in Sources */,
				9CD878EA15371124005B6315 /* CCDrawingPrimitives.m in Sources */,
				9CD878ED15371124005B6315 /* CCGrabber.m in Sources */,
				9CD878F015371124005B6315 /* CCGrid.m in Sources */,
				9CD878F315371124005B6315 /* CCLabelAtlas.m in Sources */,
				9CD878F615371124005B6315 /* CCLabelBMFont.m in Sources */,
				9CD878F915371124005B6315 /* CCLabelTTF.m in Sources */,
				9CD878FC15371124005B6315 /* CCLayer.m in Sources */,
				9CD8790015371124005B6315 /* CCMenu.m in Sources */,
				9CD8790315371124005B6315 /* CCMenuItem.m in Sources */,
				9CD8790615371124005B6315 /* CCMotionStreak.m in Sources */,
				9CD8790915371124005B6315 /* CCNode.m in Sources */,
				9CD8790C15371124005B6315 /* CCParallaxNode.m in Sources */,
				9CD8790F15371124005B6315 /* CCParticleExamples.m in Sources */,
				9CD8791215371124005B6315 /* CCParticleSystem.m in Sources */,
				9CD8791515371124005B6315 /* CCParticleSystemPoint.m in Sources */,
				9CD8791815371124005B6315 /* CCParticleSystemQuad.m in Sources */,
				9CD8791B15371124005B6315 /* CCProgressTimer.m in Sources */,
				9CD8791F15371124005B6315 /* CCRenderTexture.m in Sources */,
				9CD8792215371124005B6315 /* CCRibbon.m in Sources */,
				9CD8792515371124005B6315 /* CCScene.m in Sources */,
				9CD8792815371124005B6315 /* CCScheduler.m in Sources */,
				9CD8792B15371124005B6315 /* CCSprite.m in Sources */,
				9CD8792E15371124005B6315 /* CCSpriteBatchNode.m in Sources */,
				9CD8793115371124005B6315 /* CCSpriteFrame.m in Sources */,
				9CD8793415371124005B6315 /* CCSpriteFrameCache.m in Sources */,
				9CD8793715371124005B6315 /* CCTexture2D.m in Sources */,
				9CD8793A15371124005B6315 /* CCTextureAtlas.m in Sources */,
				9CD8793D15371124005B6315 /* CCTextureCache.m in Sources */,
				9CD8794015371124005B6315 /* CCTexturePVR.m in Sources */,
				9CD8794315371124005B6315 /* CCTileMapAtlas.m in Sources */,
				9CD8794615371124005B6315 /* CCTMXLayer.m in Sources */,
				9CD8794915371124005B6315 /* CCTMXObjectGroup.m in Sources */,
				9CD8794C15371124005B6315 /* CCTMXTiledMap.m in Sources */,
				9CD8794F15371125005B6315 /* CCTMXXMLParser.m in Sources */,
				9CD8795215371125005B6315 /* CCTransition.m in Sources */,
				9CD8795515371125005B6315 /* CCTransitionPageTurn.m in Sources */,
				9CD8795815371125005B6315 /* CCTransitionRadial.m in Sources */,
				9CD8795C15371125005B6315 /* cocos2d.m in Sources */,
				9CD8796315371125005B6315 /* CCDirectorIOS.m in Sources */,
				9CD8796715371125005B6315 /* CCTouchDispatcher.m in Sources */,
				9CD8796A15371125005B6315 /* CCTouchHandler.m in Sources */,
				9CD8796D15371125005B6315 /* EAGLView.m in Sources */,
				9CD8797015371125005B6315 /* ES1Renderer.m in Sources */,
				9CD8797315371125005B6315 /* glu.c in Sources */,
				9CD8797815371125005B6315 /* CCDirectorMac.m in Sources */,
				9CD8797B15371125005B6315 /* CCEventDispatcher.m in Sources */,
				9CD8797E15371125005B6315 /* MacGLView.m in Sources */,
				9CD8798115371125005B6315 /* MacWindow.m in Sources */,
				9CD8798415371125005B6315 /* base64.c in Sources */,
				9CD8798815371125005B6315 /* CCArray.m in Sources */,
				9CD8798C15371125005B6315 /* CCFileUtils.m in Sources */,
				9CD8798F15371125005B6315 /* CCProfiling.m in Sources */,
				9CD8799115371125005B6315 /* ccUtils.c in Sources */,
				9CD8799515371125005B6315 /* CGPointExtension.m in Sources */,
				9CD8799915371125005B6315 /* TGAlib.m in Sources */,
				9CD8799C15371125005B6315 /* TransformUtils.m in Sources */,
				9CD879A115371125005B6315 /* ZipUtils.m in Sources */,
				9CD879A615371125005B6315 /* CDAudioManager.m in Sources */,
				9CD879AA15371125005B6315 /* CDOpenALSupport.m in Sources */,
				9CD879AD15371125005B6315 /* CocosDenshion.m in Sources */,
				9CD879B015371125005B6315 /* SimpleAudioEngine.m in Sources */,
				9CD879B515371125005B6315 /* CLScoreServerPost.m in Sources */,
				9CD879B815371125005B6315 /* CLScoreServerRequest.m in Sources */,
				9CD879BB15371125005B6315 /* cocoslive.m in Sources */,
				9CD879C015371125005B6315 /* CDataScanner.m in Sources */,
				9CD879C415371125005B6315 /* CDataScanner_Extensions.m in Sources */,
				9CD879C715371125005B6315 /* NSDictionary_JSONExtensions.m in Sources */,
				9CD879CB15371125005B6315 /* CJSONDeserializer.m in Sources */,
				9CD879CE15371125005B6315 /* CJSONScanner.m in Sources */,
				9CD879D115371125005B6315 /* CJSONSerializer.m in Sources */,
				9CD879D615371125005B6315 /* FontLabel.m in Sources */,
				9CD879D915371125005B6315 /* FontLabelStringDrawing.m in Sources */,
				9CD879DC15371125005B6315 /* FontManager.m in Sources */,
				9CD879DF15371125005B6315 /* ZAttributedString.m in Sources */,
				9CD879E315371125005B6315 /* ZFont.m in Sources */,
				9CD879E815371125005B6315 /* main.m in Sources */,
				9CD879EB15371125005B6315 /* AppDelegate.m in Sources */,
				9CD879EE15371125005B6315 /* RootViewController.m in Sources */,
				9CD879F115371125005B6315 /* HelloWorldLayer.m in Sources */,
			);
			runOnlyForDeploymentPostprocessing = 0;
		};
/* End PBXSourcesBuildPhase section */

/* Begin XCBuildConfiguration section */
		9CD879F315371125005B6315 /* Debug */ = {
			isa = XCBuildConfiguration;
			buildSettings = {
				ARCHS = "$(ARCHS_STANDARD_32_BIT)";
				"CODE_SIGN_IDENTITY[sdk=iphoneos*]" = "iPhone Developer";
				GCC_C_LANGUAGE_STANDARD = gnu99;
				GCC_OPTIMIZATION_LEVEL = 0;
				GCC_PREPROCESSOR_DEFINITIONS = (
					DEBUG,
					"COCOS2D_DEBUG=1",
				);
				GCC_SYMBOLS_PRIVATE_EXTERN = NO;
				GCC_VERSION = com.apple.compilers.llvmgcc42;
				GCC_WARN_ABOUT_RETURN_TYPE = YES;
				GCC_WARN_UNUSED_VARIABLE = YES;
				IPHONEOS_DEPLOYMENT_TARGET = 5.1;
				SDKROOT = iphoneos;
			};
			name = Debug;
		};
		9CD879F415371125005B6315 /* Release */ = {
			isa = XCBuildConfiguration;
			buildSettings = {
				ARCHS = "$(ARCHS_STANDARD_32_BIT)";
				"CODE_SIGN_IDENTITY[sdk=iphoneos*]" = "iPhone Developer";
				GCC_C_LANGUAGE_STANDARD = gnu99;
				GCC_PREPROCESSOR_DEFINITIONS = NDEBUG;
				GCC_VERSION = com.apple.compilers.llvmgcc42;
				GCC_WARN_ABOUT_RETURN_TYPE = YES;
				GCC_WARN_UNUSED_VARIABLE = YES;
				IPHONEOS_DEPLOYMENT_TARGET = 5.1;
				OTHER_CFLAGS = "-DNS_BLOCK_ASSERTIONS=1";
				SDKROOT = iphoneos;
			};
			name = Release;
		};
		9CD879F615371125005B6315 /* Debug */ = {
			isa = XCBuildConfiguration;
			buildSettings = {
				ALWAYS_SEARCH_USER_PATHS = NO;
				COPY_PHASE_STRIP = NO;
				GCC_DYNAMIC_NO_PIC = NO;
				GCC_PRECOMPILE_PREFIX_HEADER = YES;
				GCC_PREFIX_HEADER = Invocator/Prefix.pch;
				"GCC_THUMB_SUPPORT[arch=armv6]" = "";
				INFOPLIST_FILE = Invocator/Resources/Info.plist;
				OTHER_LDFLAGS = "-lz";
				PRODUCT_NAME = "$(TARGET_NAME)";
				WRAPPER_EXTENSION = app;
			};
			name = Debug;
		};
		9CD879F715371125005B6315 /* Release */ = {
			isa = XCBuildConfiguration;
			buildSettings = {
				ALWAYS_SEARCH_USER_PATHS = NO;
				COPY_PHASE_STRIP = YES;
				GCC_PRECOMPILE_PREFIX_HEADER = YES;
				GCC_PREFIX_HEADER = Invocator/Prefix.pch;
				"GCC_THUMB_SUPPORT[arch=armv6]" = "";
				INFOPLIST_FILE = Invocator/Resources/Info.plist;
				OTHER_LDFLAGS = "-lz";
				PRODUCT_NAME = "$(TARGET_NAME)";
				VALIDATE_PRODUCT = YES;
				WRAPPER_EXTENSION = app;
			};
			name = Release;
		};
/* End XCBuildConfiguration section */

/* Begin XCConfigurationList section */
		9CD8787D15371123005B6315 /* Build configuration list for PBXProject "Invocator" */ = {
			isa = XCConfigurationList;
			buildConfigurations = (
				9CD879F315371125005B6315 /* Debug */,
				9CD879F415371125005B6315 /* Release */,
			);
			defaultConfigurationIsVisible = 0;
			defaultConfigurationName = Release;
		};
		9CD879F515371125005B6315 /* Build configuration list for PBXNativeTarget "Invocator" */ = {
			isa = XCConfigurationList;
			buildConfigurations = (
				9CD879F615371125005B6315 /* Debug */,
				9CD879F715371125005B6315 /* Release */,
			);
			defaultConfigurationIsVisible = 0;
		};
/* End XCConfigurationList section */
	};
	rootObject = 9CD8787A15371123005B6315 /* Project object */;
}
