// !$*UTF8*$!
{
	archiveVersion = 1;
	classes = {
	};
	objectVersion = 46;
	objects = {

/* Begin PBXFileReference section */
		119C15A818B328310070C3CC /* CGAffineTransform.i */ = {isa = PBXFileReference; lastKnownFileType = sourcecode.c.c.preprocessed; path = CGAffineTransform.i; sourceTree = "<group>"; };
		119C15A918B328310070C3CC /* Makefile */ = {isa = PBXFileReference; lastKnownFileType = sourcecode.make; path = Makefile; sourceTree = "<group>"; };
/* End PBXFileReference section */

/* Begin PBXGroup section */
		119C15A218B328310070C3CC = {
			isa = PBXGroup;
			children = (
				119C15A818B328310070C3CC /* CGAffineTransform.i */,
				119C15A918B328310070C3CC /* Makefile */,
			);
			sourceTree = "<group>";
		};
/* End PBXGroup section */

/* Begin PBXLegacyTarget section */
		119C15A718B328310070C3CC /* swig */ = {
			isa = PBXLegacyTarget;
			buildArgumentsString = "$(ACTION)";
			buildConfigurationList = 119C15AA18B328310070C3CC /* Build configuration list for PBXLegacyTarget "swig" */;
			buildPhases = (
			);
			buildToolPath = /usr/bin/make;
			buildWorkingDirectory = "/Code/Lua-Objective-C-Bridge/swig";
			dependencies = (
			);
			name = swig;
			passBuildSettingsInEnvironment = 1;
			productName = swig;
		};
/* End PBXLegacyTarget section */

/* Begin PBXProject section */
		119C15A318B328310070C3CC /* Project object */ = {
			isa = PBXProject;
			attributes = {
			};
			buildConfigurationList = 119C15A618B328310070C3CC /* Build configuration list for PBXProject "swig" */;
			compatibilityVersion = "Xcode 3.2";
			developmentRegion = English;
			hasScannedForEncodings = 0;
			knownRegions = (
				en,
			);
			mainGroup = 119C15A218B328310070C3CC;
			projectDirPath = "";
			projectRoot = "";
			targets = (
				119C15A718B328310070C3CC /* swig */,
			);
		};
/* End PBXProject section */

/* Begin XCBuildConfiguration section */
		119C15A418B328310070C3CC /* Debug */ = {
			isa = XCBuildConfiguration;
			buildSettings = {
				ARCHS = "$(ARCHS_STANDARD_32_BIT)";
				COPY_PHASE_STRIP = NO;
				GCC_WARN_ABOUT_RETURN_TYPE = YES;
				GCC_WARN_UNUSED_VARIABLE = YES;
				ONLY_ACTIVE_ARCH = YES;
				SDKROOT = macosx10.6;
			};
			name = Debug;
		};
		119C15A518B328310070C3CC /* Release */ = {
			isa = XCBuildConfiguration;
			buildSettings = {
				ARCHS = "$(ARCHS_STANDARD_32_BIT)";
				COPY_PHASE_STRIP = YES;
				GCC_WARN_ABOUT_RETURN_TYPE = YES;
				GCC_WARN_UNUSED_VARIABLE = YES;
				SDKROOT = macosx10.6;
			};
			name = Release;
		};
		119C15AB18B328310070C3CC /* Debug */ = {
			isa = XCBuildConfiguration;
			buildSettings = {
				COPY_PHASE_STRIP = NO;
				DEBUGGING_SYMBOLS = YES;
				GCC_DYNAMIC_NO_PIC = NO;
				GCC_ENABLE_FIX_AND_CONTINUE = YES;
				GCC_GENERATE_DEBUGGING_SYMBOLS = YES;
				GCC_OPTIMIZATION_LEVEL = 0;
				OTHER_CFLAGS = "";
				OTHER_LDFLAGS = "";
				PRODUCT_NAME = swig;
			};
			name = Debug;
		};
		119C15AC18B328310070C3CC /* Release */ = {
			isa = XCBuildConfiguration;
			buildSettings = {
				COPY_PHASE_STRIP = YES;
				DEBUG_INFORMATION_FORMAT = "dwarf-with-dsym";
				GCC_ENABLE_FIX_AND_CONTINUE = NO;
				OTHER_CFLAGS = "";
				OTHER_LDFLAGS = "";
				PRODUCT_NAME = swig;
			};
			name = Release;
		};
/* End XCBuildConfiguration section */

/* Begin XCConfigurationList section */
		119C15A618B328310070C3CC /* Build configuration list for PBXProject "swig" */ = {
			isa = XCConfigurationList;
			buildConfigurations = (
				119C15A418B328310070C3CC /* Debug */,
				119C15A518B328310070C3CC /* Release */,
			);
			defaultConfigurationIsVisible = 0;
			defaultConfigurationName = Release;
		};
		119C15AA18B328310070C3CC /* Build configuration list for PBXLegacyTarget "swig" */ = {
			isa = XCConfigurationList;
			buildConfigurations = (
				119C15AB18B328310070C3CC /* Debug */,
				119C15AC18B328310070C3CC /* Release */,
			);
			defaultConfigurationIsVisible = 0;
			defaultConfigurationName = Release;
		};
/* End XCConfigurationList section */
	};
	rootObject = 119C15A318B328310070C3CC /* Project object */;
}
