// !$*UTF8*$!
{
	archiveVersion = 1;
	classes = {
	};
	objectVersion = 46;
	objects = {

/* Begin PBXBuildFile section */
		9C6419F61EDB523200851CAD /* main.m in Sources */ = {isa = PBXBuildFile; fileRef = 9C6419F51EDB523200851CAD /* main.m */; };
		9C6419F91EDB523200851CAD /* AppDelegate.m in Sources */ = {isa = PBXBuildFile; fileRef = 9C6419F81EDB523200851CAD /* AppDelegate.m */; };
		9C6419FC1EDB523200851CAD /* ViewController.m in Sources */ = {isa = PBXBuildFile; fileRef = 9C6419FB1EDB523200851CAD /* ViewController.m */; };
		9C6419FF1EDB523200851CAD /* Main.storyboard in Resources */ = {isa = PBXBuildFile; fileRef = 9C6419FD1EDB523200851CAD /* Main.storyboard */; };
		9C641A011EDB523300851CAD /* Assets.xcassets in Resources */ = {isa = PBXBuildFile; fileRef = 9C641A001EDB523300851CAD /* Assets.xcassets */; };
		9C641A041EDB523300851CAD /* LaunchScreen.storyboard in Resources */ = {isa = PBXBuildFile; fileRef = 9C641A021EDB523300851CAD /* LaunchScreen.storyboard */; };
		9C641A0F1EDB523300851CAD /* LuaObjCBridgeTests.m in Sources */ = {isa = PBXBuildFile; fileRef = 9C641A0E1EDB523300851CAD /* LuaObjCBridgeTests.m */; };
		9C641A531EDB557200851CAD /* lapi.c in Sources */ = {isa = PBXBuildFile; fileRef = 9C641A1A1EDB557100851CAD /* lapi.c */; };
		9C641A541EDB557200851CAD /* lauxlib.c in Sources */ = {isa = PBXBuildFile; fileRef = 9C641A1C1EDB557100851CAD /* lauxlib.c */; };
		9C641A551EDB557200851CAD /* lbaselib.c in Sources */ = {isa = PBXBuildFile; fileRef = 9C641A1E1EDB557100851CAD /* lbaselib.c */; };
		9C641A561EDB557200851CAD /* lbitlib.c in Sources */ = {isa = PBXBuildFile; fileRef = 9C641A1F1EDB557100851CAD /* lbitlib.c */; };
		9C641A571EDB557200851CAD /* lcode.c in Sources */ = {isa = PBXBuildFile; fileRef = 9C641A201EDB557100851CAD /* lcode.c */; };
		9C641A581EDB557200851CAD /* lcorolib.c in Sources */ = {isa = PBXBuildFile; fileRef = 9C641A221EDB557100851CAD /* lcorolib.c */; };
		9C641A591EDB557200851CAD /* lctype.c in Sources */ = {isa = PBXBuildFile; fileRef = 9C641A231EDB557100851CAD /* lctype.c */; };
		9C641A5A1EDB557200851CAD /* ldblib.c in Sources */ = {isa = PBXBuildFile; fileRef = 9C641A251EDB557100851CAD /* ldblib.c */; };
		9C641A5B1EDB557200851CAD /* ldebug.c in Sources */ = {isa = PBXBuildFile; fileRef = 9C641A261EDB557100851CAD /* ldebug.c */; };
		9C641A5C1EDB557200851CAD /* ldo.c in Sources */ = {isa = PBXBuildFile; fileRef = 9C641A281EDB557100851CAD /* ldo.c */; };
		9C641A5D1EDB557200851CAD /* ldump.c in Sources */ = {isa = PBXBuildFile; fileRef = 9C641A2A1EDB557100851CAD /* ldump.c */; };
		9C641A5E1EDB557200851CAD /* lfunc.c in Sources */ = {isa = PBXBuildFile; fileRef = 9C641A2B1EDB557100851CAD /* lfunc.c */; };
		9C641A5F1EDB557200851CAD /* lgc.c in Sources */ = {isa = PBXBuildFile; fileRef = 9C641A2D1EDB557100851CAD /* lgc.c */; };
		9C641A601EDB557200851CAD /* linit.c in Sources */ = {isa = PBXBuildFile; fileRef = 9C641A2F1EDB557100851CAD /* linit.c */; };
		9C641A611EDB557200851CAD /* liolib.c in Sources */ = {isa = PBXBuildFile; fileRef = 9C641A301EDB557100851CAD /* liolib.c */; };
		9C641A621EDB557200851CAD /* llex.c in Sources */ = {isa = PBXBuildFile; fileRef = 9C641A311EDB557100851CAD /* llex.c */; };
		9C641A631EDB557200851CAD /* lmathlib.c in Sources */ = {isa = PBXBuildFile; fileRef = 9C641A341EDB557100851CAD /* lmathlib.c */; };
		9C641A641EDB557200851CAD /* lmem.c in Sources */ = {isa = PBXBuildFile; fileRef = 9C641A351EDB557100851CAD /* lmem.c */; };
		9C641A651EDB557200851CAD /* loadlib.c in Sources */ = {isa = PBXBuildFile; fileRef = 9C641A371EDB557100851CAD /* loadlib.c */; };
		9C641A661EDB557200851CAD /* lobject.c in Sources */ = {isa = PBXBuildFile; fileRef = 9C641A381EDB557100851CAD /* lobject.c */; };
		9C641A671EDB557200851CAD /* lopcodes.c in Sources */ = {isa = PBXBuildFile; fileRef = 9C641A3A1EDB557100851CAD /* lopcodes.c */; };
		9C641A681EDB557200851CAD /* loslib.c in Sources */ = {isa = PBXBuildFile; fileRef = 9C641A3C1EDB557100851CAD /* loslib.c */; };
		9C641A691EDB557200851CAD /* lparser.c in Sources */ = {isa = PBXBuildFile; fileRef = 9C641A3D1EDB557100851CAD /* lparser.c */; };
		9C641A6A1EDB557200851CAD /* lstate.c in Sources */ = {isa = PBXBuildFile; fileRef = 9C641A3F1EDB557100851CAD /* lstate.c */; };
		9C641A6B1EDB557200851CAD /* lstring.c in Sources */ = {isa = PBXBuildFile; fileRef = 9C641A411EDB557100851CAD /* lstring.c */; };
		9C641A6C1EDB557200851CAD /* lstrlib.c in Sources */ = {isa = PBXBuildFile; fileRef = 9C641A431EDB557100851CAD /* lstrlib.c */; };
		9C641A6D1EDB557200851CAD /* ltable.c in Sources */ = {isa = PBXBuildFile; fileRef = 9C641A441EDB557100851CAD /* ltable.c */; };
		9C641A6E1EDB557200851CAD /* ltablib.c in Sources */ = {isa = PBXBuildFile; fileRef = 9C641A461EDB557100851CAD /* ltablib.c */; };
		9C641A6F1EDB557200851CAD /* ltm.c in Sources */ = {isa = PBXBuildFile; fileRef = 9C641A471EDB557100851CAD /* ltm.c */; };
		9C641A701EDB557200851CAD /* lundump.c in Sources */ = {isa = PBXBuildFile; fileRef = 9C641A4D1EDB557100851CAD /* lundump.c */; };
		9C641A711EDB557200851CAD /* lvm.c in Sources */ = {isa = PBXBuildFile; fileRef = 9C641A4F1EDB557100851CAD /* lvm.c */; };
		9C641A721EDB557200851CAD /* lzio.c in Sources */ = {isa = PBXBuildFile; fileRef = 9C641A511EDB557100851CAD /* lzio.c */; };
		9C641A761EDB55B500851CAD /* LuaBridge.m in Sources */ = {isa = PBXBuildFile; fileRef = 9C641A741EDB55B500851CAD /* LuaBridge.m */; };
/* End PBXBuildFile section */

/* Begin PBXContainerItemProxy section */
		9C641A0B1EDB523300851CAD /* PBXContainerItemProxy */ = {
			isa = PBXContainerItemProxy;
			containerPortal = 9C6419E91EDB523200851CAD /* Project object */;
			proxyType = 1;
			remoteGlobalIDString = 9C6419F01EDB523200851CAD;
			remoteInfo = LuaObjCBridge;
		};
/* End PBXContainerItemProxy section */

/* Begin PBXFileReference section */
		9C6419F11EDB523200851CAD /* LuaObjCBridge.app */ = {isa = PBXFileReference; explicitFileType = wrapper.application; includeInIndex = 0; path = LuaObjCBridge.app; sourceTree = BUILT_PRODUCTS_DIR; };
		9C6419F51EDB523200851CAD /* main.m */ = {isa = PBXFileReference; lastKnownFileType = sourcecode.c.objc; path = main.m; sourceTree = "<group>"; };
		9C6419F71EDB523200851CAD /* AppDelegate.h */ = {isa = PBXFileReference; lastKnownFileType = sourcecode.c.h; path = AppDelegate.h; sourceTree = "<group>"; };
		9C6419F81EDB523200851CAD /* AppDelegate.m */ = {isa = PBXFileReference; lastKnownFileType = sourcecode.c.objc; path = AppDelegate.m; sourceTree = "<group>"; };
		9C6419FA1EDB523200851CAD /* ViewController.h */ = {isa = PBXFileReference; lastKnownFileType = sourcecode.c.h; path = ViewController.h; sourceTree = "<group>"; };
		9C6419FB1EDB523200851CAD /* ViewController.m */ = {isa = PBXFileReference; lastKnownFileType = sourcecode.c.objc; path = ViewController.m; sourceTree = "<group>"; };
		9C6419FE1EDB523200851CAD /* Base */ = {isa = PBXFileReference; lastKnownFileType = file.storyboard; name = Base; path = Base.lproj/Main.storyboard; sourceTree = "<group>"; };
		9C641A001EDB523300851CAD /* Assets.xcassets */ = {isa = PBXFileReference; lastKnownFileType = folder.assetcatalog; path = Assets.xcassets; sourceTree = "<group>"; };
		9C641A031EDB523300851CAD /* Base */ = {isa = PBXFileReference; lastKnownFileType = file.storyboard; name = Base; path = Base.lproj/LaunchScreen.storyboard; sourceTree = "<group>"; };
		9C641A051EDB523300851CAD /* Info.plist */ = {isa = PBXFileReference; lastKnownFileType = text.plist.xml; path = Info.plist; sourceTree = "<group>"; };
		9C641A0A1EDB523300851CAD /* LuaObjCBridgeTests.xctest */ = {isa = PBXFileReference; explicitFileType = wrapper.cfbundle; includeInIndex = 0; path = LuaObjCBridgeTests.xctest; sourceTree = BUILT_PRODUCTS_DIR; };
		9C641A0E1EDB523300851CAD /* LuaObjCBridgeTests.m */ = {isa = PBXFileReference; lastKnownFileType = sourcecode.c.objc; path = LuaObjCBridgeTests.m; sourceTree = "<group>"; };
		9C641A101EDB523300851CAD /* Info.plist */ = {isa = PBXFileReference; lastKnownFileType = text.plist.xml; path = Info.plist; sourceTree = "<group>"; };
		9C641A1A1EDB557100851CAD /* lapi.c */ = {isa = PBXFileReference; fileEncoding = 4; lastKnownFileType = sourcecode.c.c; name = lapi.c; path = "lua-5.2.2/src/lapi.c"; sourceTree = SOURCE_ROOT; };
		9C641A1B1EDB557100851CAD /* lapi.h */ = {isa = PBXFileReference; fileEncoding = 4; lastKnownFileType = sourcecode.c.h; name = lapi.h; path = "lua-5.2.2/src/lapi.h"; sourceTree = SOURCE_ROOT; };
		9C641A1C1EDB557100851CAD /* lauxlib.c */ = {isa = PBXFileReference; fileEncoding = 4; lastKnownFileType = sourcecode.c.c; name = lauxlib.c; path = "lua-5.2.2/src/lauxlib.c"; sourceTree = SOURCE_ROOT; };
		9C641A1D1EDB557100851CAD /* lauxlib.h */ = {isa = PBXFileReference; fileEncoding = 4; lastKnownFileType = sourcecode.c.h; name = lauxlib.h; path = "lua-5.2.2/src/lauxlib.h"; sourceTree = SOURCE_ROOT; };
		9C641A1E1EDB557100851CAD /* lbaselib.c */ = {isa = PBXFileReference; fileEncoding = 4; lastKnownFileType = sourcecode.c.c; name = lbaselib.c; path = "lua-5.2.2/src/lbaselib.c"; sourceTree = SOURCE_ROOT; };
		9C641A1F1EDB557100851CAD /* lbitlib.c */ = {isa = PBXFileReference; fileEncoding = 4; lastKnownFileType = sourcecode.c.c; name = lbitlib.c; path = "lua-5.2.2/src/lbitlib.c"; sourceTree = SOURCE_ROOT; };
		9C641A201EDB557100851CAD /* lcode.c */ = {isa = PBXFileReference; fileEncoding = 4; lastKnownFileType = sourcecode.c.c; name = lcode.c; path = "lua-5.2.2/src/lcode.c"; sourceTree = SOURCE_ROOT; };
		9C641A211EDB557100851CAD /* lcode.h */ = {isa = PBXFileReference; fileEncoding = 4; lastKnownFileType = sourcecode.c.h; name = lcode.h; path = "lua-5.2.2/src/lcode.h"; sourceTree = SOURCE_ROOT; };
		9C641A221EDB557100851CAD /* lcorolib.c */ = {isa = PBXFileReference; fileEncoding = 4; lastKnownFileType = sourcecode.c.c; name = lcorolib.c; path = "lua-5.2.2/src/lcorolib.c"; sourceTree = SOURCE_ROOT; };
		9C641A231EDB557100851CAD /* lctype.c */ = {isa = PBXFileReference; fileEncoding = 4; lastKnownFileType = sourcecode.c.c; name = lctype.c; path = "lua-5.2.2/src/lctype.c"; sourceTree = SOURCE_ROOT; };
		9C641A241EDB557100851CAD /* lctype.h */ = {isa = PBXFileReference; fileEncoding = 4; lastKnownFileType = sourcecode.c.h; name = lctype.h; path = "lua-5.2.2/src/lctype.h"; sourceTree = SOURCE_ROOT; };
		9C641A251EDB557100851CAD /* ldblib.c */ = {isa = PBXFileReference; fileEncoding = 4; lastKnownFileType = sourcecode.c.c; name = ldblib.c; path = "lua-5.2.2/src/ldblib.c"; sourceTree = SOURCE_ROOT; };
		9C641A261EDB557100851CAD /* ldebug.c */ = {isa = PBXFileReference; fileEncoding = 4; lastKnownFileType = sourcecode.c.c; name = ldebug.c; path = "lua-5.2.2/src/ldebug.c"; sourceTree = SOURCE_ROOT; };
		9C641A271EDB557100851CAD /* ldebug.h */ = {isa = PBXFileReference; fileEncoding = 4; lastKnownFileType = sourcecode.c.h; name = ldebug.h; path = "lua-5.2.2/src/ldebug.h"; sourceTree = SOURCE_ROOT; };
		9C641A281EDB557100851CAD /* ldo.c */ = {isa = PBXFileReference; fileEncoding = 4; lastKnownFileType = sourcecode.c.c; name = ldo.c; path = "lua-5.2.2/src/ldo.c"; sourceTree = SOURCE_ROOT; };
		9C641A291EDB557100851CAD /* ldo.h */ = {isa = PBXFileReference; fileEncoding = 4; lastKnownFileType = sourcecode.c.h; name = ldo.h; path = "lua-5.2.2/src/ldo.h"; sourceTree = SOURCE_ROOT; };
		9C641A2A1EDB557100851CAD /* ldump.c */ = {isa = PBXFileReference; fileEncoding = 4; lastKnownFileType = sourcecode.c.c; name = ldump.c; path = "lua-5.2.2/src/ldump.c"; sourceTree = SOURCE_ROOT; };
		9C641A2B1EDB557100851CAD /* lfunc.c */ = {isa = PBXFileReference; fileEncoding = 4; lastKnownFileType = sourcecode.c.c; name = lfunc.c; path = "lua-5.2.2/src/lfunc.c"; sourceTree = SOURCE_ROOT; };
		9C641A2C1EDB557100851CAD /* lfunc.h */ = {isa = PBXFileReference; fileEncoding = 4; lastKnownFileType = sourcecode.c.h; name = lfunc.h; path = "lua-5.2.2/src/lfunc.h"; sourceTree = SOURCE_ROOT; };
		9C641A2D1EDB557100851CAD /* lgc.c */ = {isa = PBXFileReference; fileEncoding = 4; lastKnownFileType = sourcecode.c.c; name = lgc.c; path = "lua-5.2.2/src/lgc.c"; sourceTree = SOURCE_ROOT; };
		9C641A2E1EDB557100851CAD /* lgc.h */ = {isa = PBXFileReference; fileEncoding = 4; lastKnownFileType = sourcecode.c.h; name = lgc.h; path = "lua-5.2.2/src/lgc.h"; sourceTree = SOURCE_ROOT; };
		9C641A2F1EDB557100851CAD /* linit.c */ = {isa = PBXFileReference; fileEncoding = 4; lastKnownFileType = sourcecode.c.c; name = linit.c; path = "lua-5.2.2/src/linit.c"; sourceTree = SOURCE_ROOT; };
		9C641A301EDB557100851CAD /* liolib.c */ = {isa = PBXFileReference; fileEncoding = 4; lastKnownFileType = sourcecode.c.c; name = liolib.c; path = "lua-5.2.2/src/liolib.c"; sourceTree = SOURCE_ROOT; };
		9C641A311EDB557100851CAD /* llex.c */ = {isa = PBXFileReference; fileEncoding = 4; lastKnownFileType = sourcecode.c.c; name = llex.c; path = "lua-5.2.2/src/llex.c"; sourceTree = SOURCE_ROOT; };
		9C641A321EDB557100851CAD /* llex.h */ = {isa = PBXFileReference; fileEncoding = 4; lastKnownFileType = sourcecode.c.h; name = llex.h; path = "lua-5.2.2/src/llex.h"; sourceTree = SOURCE_ROOT; };
		9C641A331EDB557100851CAD /* llimits.h */ = {isa = PBXFileReference; fileEncoding = 4; lastKnownFileType = sourcecode.c.h; name = llimits.h; path = "lua-5.2.2/src/llimits.h"; sourceTree = SOURCE_ROOT; };
		9C641A341EDB557100851CAD /* lmathlib.c */ = {isa = PBXFileReference; fileEncoding = 4; lastKnownFileType = sourcecode.c.c; name = lmathlib.c; path = "lua-5.2.2/src/lmathlib.c"; sourceTree = SOURCE_ROOT; };
		9C641A351EDB557100851CAD /* lmem.c */ = {isa = PBXFileReference; fileEncoding = 4; lastKnownFileType = sourcecode.c.c; name = lmem.c; path = "lua-5.2.2/src/lmem.c"; sourceTree = SOURCE_ROOT; };
		9C641A361EDB557100851CAD /* lmem.h */ = {isa = PBXFileReference; fileEncoding = 4; lastKnownFileType = sourcecode.c.h; name = lmem.h; path = "lua-5.2.2/src/lmem.h"; sourceTree = SOURCE_ROOT; };
		9C641A371EDB557100851CAD /* loadlib.c */ = {isa = PBXFileReference; fileEncoding = 4; lastKnownFileType = sourcecode.c.c; name = loadlib.c; path = "lua-5.2.2/src/loadlib.c"; sourceTree = SOURCE_ROOT; };
		9C641A381EDB557100851CAD /* lobject.c */ = {isa = PBXFileReference; fileEncoding = 4; lastKnownFileType = sourcecode.c.c; name = lobject.c; path = "lua-5.2.2/src/lobject.c"; sourceTree = SOURCE_ROOT; };
		9C641A391EDB557100851CAD /* lobject.h */ = {isa = PBXFileReference; fileEncoding = 4; lastKnownFileType = sourcecode.c.h; name = lobject.h; path = "lua-5.2.2/src/lobject.h"; sourceTree = SOURCE_ROOT; };
		9C641A3A1EDB557100851CAD /* lopcodes.c */ = {isa = PBXFileReference; fileEncoding = 4; lastKnownFileType = sourcecode.c.c; name = lopcodes.c; path = "lua-5.2.2/src/lopcodes.c"; sourceTree = SOURCE_ROOT; };
		9C641A3B1EDB557100851CAD /* lopcodes.h */ = {isa = PBXFileReference; fileEncoding = 4; lastKnownFileType = sourcecode.c.h; name = lopcodes.h; path = "lua-5.2.2/src/lopcodes.h"; sourceTree = SOURCE_ROOT; };
		9C641A3C1EDB557100851CAD /* loslib.c */ = {isa = PBXFileReference; fileEncoding = 4; lastKnownFileType = sourcecode.c.c; name = loslib.c; path = "lua-5.2.2/src/loslib.c"; sourceTree = SOURCE_ROOT; };
		9C641A3D1EDB557100851CAD /* lparser.c */ = {isa = PBXFileReference; fileEncoding = 4; lastKnownFileType = sourcecode.c.c; name = lparser.c; path = "lua-5.2.2/src/lparser.c"; sourceTree = SOURCE_ROOT; };
		9C641A3E1EDB557100851CAD /* lparser.h */ = {isa = PBXFileReference; fileEncoding = 4; lastKnownFileType = sourcecode.c.h; name = lparser.h; path = "lua-5.2.2/src/lparser.h"; sourceTree = SOURCE_ROOT; };
		9C641A3F1EDB557100851CAD /* lstate.c */ = {isa = PBXFileReference; fileEncoding = 4; lastKnownFileType = sourcecode.c.c; name = lstate.c; path = "lua-5.2.2/src/lstate.c"; sourceTree = SOURCE_ROOT; };
		9C641A401EDB557100851CAD /* lstate.h */ = {isa = PBXFileReference; fileEncoding = 4; lastKnownFileType = sourcecode.c.h; name = lstate.h; path = "lua-5.2.2/src/lstate.h"; sourceTree = SOURCE_ROOT; };
		9C641A411EDB557100851CAD /* lstring.c */ = {isa = PBXFileReference; fileEncoding = 4; lastKnownFileType = sourcecode.c.c; name = lstring.c; path = "lua-5.2.2/src/lstring.c"; sourceTree = SOURCE_ROOT; };
		9C641A421EDB557100851CAD /* lstring.h */ = {isa = PBXFileReference; fileEncoding = 4; lastKnownFileType = sourcecode.c.h; name = lstring.h; path = "lua-5.2.2/src/lstring.h"; sourceTree = SOURCE_ROOT; };
		9C641A431EDB557100851CAD /* lstrlib.c */ = {isa = PBXFileReference; fileEncoding = 4; lastKnownFileType = sourcecode.c.c; name = lstrlib.c; path = "lua-5.2.2/src/lstrlib.c"; sourceTree = SOURCE_ROOT; };
		9C641A441EDB557100851CAD /* ltable.c */ = {isa = PBXFileReference; fileEncoding = 4; lastKnownFileType = sourcecode.c.c; name = ltable.c; path = "lua-5.2.2/src/ltable.c"; sourceTree = SOURCE_ROOT; };
		9C641A451EDB557100851CAD /* ltable.h */ = {isa = PBXFileReference; fileEncoding = 4; lastKnownFileType = sourcecode.c.h; name = ltable.h; path = "lua-5.2.2/src/ltable.h"; sourceTree = SOURCE_ROOT; };
		9C641A461EDB557100851CAD /* ltablib.c */ = {isa = PBXFileReference; fileEncoding = 4; lastKnownFileType = sourcecode.c.c; name = ltablib.c; path = "lua-5.2.2/src/ltablib.c"; sourceTree = SOURCE_ROOT; };
		9C641A471EDB557100851CAD /* ltm.c */ = {isa = PBXFileReference; fileEncoding = 4; lastKnownFileType = sourcecode.c.c; name = ltm.c; path = "lua-5.2.2/src/ltm.c"; sourceTree = SOURCE_ROOT; };
		9C641A481EDB557100851CAD /* ltm.h */ = {isa = PBXFileReference; fileEncoding = 4; lastKnownFileType = sourcecode.c.h; name = ltm.h; path = "lua-5.2.2/src/ltm.h"; sourceTree = SOURCE_ROOT; };
		9C641A491EDB557100851CAD /* lua.h */ = {isa = PBXFileReference; fileEncoding = 4; lastKnownFileType = sourcecode.c.h; name = lua.h; path = "lua-5.2.2/src/lua.h"; sourceTree = SOURCE_ROOT; };
		9C641A4A1EDB557100851CAD /* lua.hpp */ = {isa = PBXFileReference; fileEncoding = 4; lastKnownFileType = sourcecode.cpp.h; name = lua.hpp; path = "lua-5.2.2/src/lua.hpp"; sourceTree = SOURCE_ROOT; };
		9C641A4B1EDB557100851CAD /* luaconf.h */ = {isa = PBXFileReference; fileEncoding = 4; lastKnownFileType = sourcecode.c.h; name = luaconf.h; path = "lua-5.2.2/src/luaconf.h"; sourceTree = SOURCE_ROOT; };
		9C641A4C1EDB557100851CAD /* lualib.h */ = {isa = PBXFileReference; fileEncoding = 4; lastKnownFileType = sourcecode.c.h; name = lualib.h; path = "lua-5.2.2/src/lualib.h"; sourceTree = SOURCE_ROOT; };
		9C641A4D1EDB557100851CAD /* lundump.c */ = {isa = PBXFileReference; fileEncoding = 4; lastKnownFileType = sourcecode.c.c; name = lundump.c; path = "lua-5.2.2/src/lundump.c"; sourceTree = SOURCE_ROOT; };
		9C641A4E1EDB557100851CAD /* lundump.h */ = {isa = PBXFileReference; fileEncoding = 4; lastKnownFileType = sourcecode.c.h; name = lundump.h; path = "lua-5.2.2/src/lundump.h"; sourceTree = SOURCE_ROOT; };
		9C641A4F1EDB557100851CAD /* lvm.c */ = {isa = PBXFileReference; fileEncoding = 4; lastKnownFileType = sourcecode.c.c; name = lvm.c; path = "lua-5.2.2/src/lvm.c"; sourceTree = SOURCE_ROOT; };
		9C641A501EDB557100851CAD /* lvm.h */ = {isa = PBXFileReference; fileEncoding = 4; lastKnownFileType = sourcecode.c.h; name = lvm.h; path = "lua-5.2.2/src/lvm.h"; sourceTree = SOURCE_ROOT; };
		9C641A511EDB557100851CAD /* lzio.c */ = {isa = PBXFileReference; fileEncoding = 4; lastKnownFileType = sourcecode.c.c; name = lzio.c; path = "lua-5.2.2/src/lzio.c"; sourceTree = SOURCE_ROOT; };
		9C641A521EDB557200851CAD /* lzio.h */ = {isa = PBXFileReference; fileEncoding = 4; lastKnownFileType = sourcecode.c.h; name = lzio.h; path = "lua-5.2.2/src/lzio.h"; sourceTree = SOURCE_ROOT; };
		9C641A731EDB55B500851CAD /* LuaBridge.h */ = {isa = PBXFileReference; fileEncoding = 4; lastKnownFileType = sourcecode.c.h; name = LuaBridge.h; path = ../../LuaBridge.h; sourceTree = "<group>"; };
		9C641A741EDB55B500851CAD /* LuaBridge.m */ = {isa = PBXFileReference; fileEncoding = 4; lastKnownFileType = sourcecode.c.objc; name = LuaBridge.m; path = ../../LuaBridge.m; sourceTree = "<group>"; };
		9C641A751EDB55B500851CAD /* LuaBridgeInternal.h */ = {isa = PBXFileReference; fileEncoding = 4; lastKnownFileType = sourcecode.c.h; name = LuaBridgeInternal.h; path = ../../LuaBridgeInternal.h; sourceTree = "<group>"; };
/* End PBXFileReference section */

/* Begin PBXFrameworksBuildPhase section */
		9C6419EE1EDB523200851CAD /* Frameworks */ = {
			isa = PBXFrameworksBuildPhase;
			buildActionMask = 2147483647;
			files = (
			);
			runOnlyForDeploymentPostprocessing = 0;
		};
		9C641A071EDB523300851CAD /* Frameworks */ = {
			isa = PBXFrameworksBuildPhase;
			buildActionMask = 2147483647;
			files = (
			);
			runOnlyForDeploymentPostprocessing = 0;
		};
/* End PBXFrameworksBuildPhase section */

/* Begin PBXGroup section */
		9C6419E81EDB523200851CAD = {
			isa = PBXGroup;
			children = (
				9C6419F31EDB523200851CAD /* LuaObjCBridge */,
				9C641A0D1EDB523300851CAD /* LuaObjCBridgeTests */,
				9C6419F21EDB523200851CAD /* Products */,
			);
			sourceTree = "<group>";
		};
		9C6419F21EDB523200851CAD /* Products */ = {
			isa = PBXGroup;
			children = (
				9C6419F11EDB523200851CAD /* LuaObjCBridge.app */,
				9C641A0A1EDB523300851CAD /* LuaObjCBridgeTests.xctest */,
			);
			name = Products;
			sourceTree = "<group>";
		};
		9C6419F31EDB523200851CAD /* LuaObjCBridge */ = {
			isa = PBXGroup;
			children = (
				9C6419F71EDB523200851CAD /* AppDelegate.h */,
				9C6419F81EDB523200851CAD /* AppDelegate.m */,
				9C6419FA1EDB523200851CAD /* ViewController.h */,
				9C6419FB1EDB523200851CAD /* ViewController.m */,
				9C6419FD1EDB523200851CAD /* Main.storyboard */,
				9C641A001EDB523300851CAD /* Assets.xcassets */,
				9C641A021EDB523300851CAD /* LaunchScreen.storyboard */,
				9C641A051EDB523300851CAD /* Info.plist */,
				9C6419F41EDB523200851CAD /* Supporting Files */,
			);
			path = LuaObjCBridge;
			sourceTree = "<group>";
		};
		9C6419F41EDB523200851CAD /* Supporting Files */ = {
			isa = PBXGroup;
			children = (
				9C6419F51EDB523200851CAD /* main.m */,
			);
			name = "Supporting Files";
			sourceTree = "<group>";
		};
		9C641A0D1EDB523300851CAD /* LuaObjCBridgeTests */ = {
			isa = PBXGroup;
			children = (
				9C641A731EDB55B500851CAD /* LuaBridge.h */,
				9C641A741EDB55B500851CAD /* LuaBridge.m */,
				9C641A751EDB55B500851CAD /* LuaBridgeInternal.h */,
				9C641A191EDB554600851CAD /* Lua */,
				9C641A0E1EDB523300851CAD /* LuaObjCBridgeTests.m */,
				9C641A101EDB523300851CAD /* Info.plist */,
			);
			path = LuaObjCBridgeTests;
			sourceTree = "<group>";
		};
		9C641A191EDB554600851CAD /* Lua */ = {
			isa = PBXGroup;
			children = (
				9C641A1A1EDB557100851CAD /* lapi.c */,
				9C641A1B1EDB557100851CAD /* lapi.h */,
				9C641A1C1EDB557100851CAD /* lauxlib.c */,
				9C641A1D1EDB557100851CAD /* lauxlib.h */,
				9C641A1E1EDB557100851CAD /* lbaselib.c */,
				9C641A1F1EDB557100851CAD /* lbitlib.c */,
				9C641A201EDB557100851CAD /* lcode.c */,
				9C641A211EDB557100851CAD /* lcode.h */,
				9C641A221EDB557100851CAD /* lcorolib.c */,
				9C641A231EDB557100851CAD /* lctype.c */,
				9C641A241EDB557100851CAD /* lctype.h */,
				9C641A251EDB557100851CAD /* ldblib.c */,
				9C641A261EDB557100851CAD /* ldebug.c */,
				9C641A271EDB557100851CAD /* ldebug.h */,
				9C641A281EDB557100851CAD /* ldo.c */,
				9C641A291EDB557100851CAD /* ldo.h */,
				9C641A2A1EDB557100851CAD /* ldump.c */,
				9C641A2B1EDB557100851CAD /* lfunc.c */,
				9C641A2C1EDB557100851CAD /* lfunc.h */,
				9C641A2D1EDB557100851CAD /* lgc.c */,
				9C641A2E1EDB557100851CAD /* lgc.h */,
				9C641A2F1EDB557100851CAD /* linit.c */,
				9C641A301EDB557100851CAD /* liolib.c */,
				9C641A311EDB557100851CAD /* llex.c */,
				9C641A321EDB557100851CAD /* llex.h */,
				9C641A331EDB557100851CAD /* llimits.h */,
				9C641A341EDB557100851CAD /* lmathlib.c */,
				9C641A351EDB557100851CAD /* lmem.c */,
				9C641A361EDB557100851CAD /* lmem.h */,
				9C641A371EDB557100851CAD /* loadlib.c */,
				9C641A381EDB557100851CAD /* lobject.c */,
				9C641A391EDB557100851CAD /* lobject.h */,
				9C641A3A1EDB557100851CAD /* lopcodes.c */,
				9C641A3B1EDB557100851CAD /* lopcodes.h */,
				9C641A3C1EDB557100851CAD /* loslib.c */,
				9C641A3D1EDB557100851CAD /* lparser.c */,
				9C641A3E1EDB557100851CAD /* lparser.h */,
				9C641A3F1EDB557100851CAD /* lstate.c */,
				9C641A401EDB557100851CAD /* lstate.h */,
				9C641A411EDB557100851CAD /* lstring.c */,
				9C641A421EDB557100851CAD /* lstring.h */,
				9C641A431EDB557100851CAD /* lstrlib.c */,
				9C641A441EDB557100851CAD /* ltable.c */,
				9C641A451EDB557100851CAD /* ltable.h */,
				9C641A461EDB557100851CAD /* ltablib.c */,
				9C641A471EDB557100851CAD /* ltm.c */,
				9C641A481EDB557100851CAD /* ltm.h */,
				9C641A491EDB557100851CAD /* lua.h */,
				9C641A4A1EDB557100851CAD /* lua.hpp */,
				9C641A4B1EDB557100851CAD /* luaconf.h */,
				9C641A4C1EDB557100851CAD /* lualib.h */,
				9C641A4D1EDB557100851CAD /* lundump.c */,
				9C641A4E1EDB557100851CAD /* lundump.h */,
				9C641A4F1EDB557100851CAD /* lvm.c */,
				9C641A501EDB557100851CAD /* lvm.h */,
				9C641A511EDB557100851CAD /* lzio.c */,
				9C641A521EDB557200851CAD /* lzio.h */,
			);
			name = Lua;
			sourceTree = "<group>";
		};
/* End PBXGroup section */

/* Begin PBXNativeTarget section */
		9C6419F01EDB523200851CAD /* LuaObjCBridge */ = {
			isa = PBXNativeTarget;
			buildConfigurationList = 9C641A131EDB523300851CAD /* Build configuration list for PBXNativeTarget "LuaObjCBridge" */;
			buildPhases = (
				9C6419ED1EDB523200851CAD /* Sources */,
				9C6419EE1EDB523200851CAD /* Frameworks */,
				9C6419EF1EDB523200851CAD /* Resources */,
			);
			buildRules = (
			);
			dependencies = (
			);
			name = LuaObjCBridge;
			productName = LuaObjCBridge;
			productReference = 9C6419F11EDB523200851CAD /* LuaObjCBridge.app */;
			productType = "com.apple.product-type.application";
		};
		9C641A091EDB523300851CAD /* LuaObjCBridgeTests */ = {
			isa = PBXNativeTarget;
			buildConfigurationList = 9C641A161EDB523300851CAD /* Build configuration list for PBXNativeTarget "LuaObjCBridgeTests" */;
			buildPhases = (
				9C641A061EDB523300851CAD /* Sources */,
				9C641A071EDB523300851CAD /* Frameworks */,
				9C641A081EDB523300851CAD /* Resources */,
			);
			buildRules = (
			);
			dependencies = (
				9C641A0C1EDB523300851CAD /* PBXTargetDependency */,
			);
			name = LuaObjCBridgeTests;
			productName = LuaObjCBridgeTests;
			productReference = 9C641A0A1EDB523300851CAD /* LuaObjCBridgeTests.xctest */;
			productType = "com.apple.product-type.bundle.unit-test";
		};
/* End PBXNativeTarget section */

/* Begin PBXProject section */
		9C6419E91EDB523200851CAD /* Project object */ = {
			isa = PBXProject;
			attributes = {
				LastUpgradeCheck = 0830;
				ORGANIZATIONNAME = "Kronecker's Delta Studio";
				TargetAttributes = {
					9C6419F01EDB523200851CAD = {
						CreatedOnToolsVersion = 8.3.2;
						DevelopmentTeam = BH53U2474Y;
						ProvisioningStyle = Automatic;
					};
					9C641A091EDB523300851CAD = {
						CreatedOnToolsVersion = 8.3.2;
						DevelopmentTeam = BH53U2474Y;
						ProvisioningStyle = Automatic;
						TestTargetID = 9C6419F01EDB523200851CAD;
					};
				};
			};
			buildConfigurationList = 9C6419EC1EDB523200851CAD /* Build configuration list for PBXProject "LuaObjCBridge" */;
			compatibilityVersion = "Xcode 3.2";
			developmentRegion = English;
			hasScannedForEncodings = 0;
			knownRegions = (
				en,
				Base,
			);
			mainGroup = 9C6419E81EDB523200851CAD;
			productRefGroup = 9C6419F21EDB523200851CAD /* Products */;
			projectDirPath = "";
			projectRoot = "";
			targets = (
				9C6419F01EDB523200851CAD /* LuaObjCBridge */,
				9C641A091EDB523300851CAD /* LuaObjCBridgeTests */,
			);
		};
/* End PBXProject section */

/* Begin PBXResourcesBuildPhase section */
		9C6419EF1EDB523200851CAD /* Resources */ = {
			isa = PBXResourcesBuildPhase;
			buildActionMask = 2147483647;
			files = (
				9C641A041EDB523300851CAD /* LaunchScreen.storyboard in Resources */,
				9C641A011EDB523300851CAD /* Assets.xcassets in Resources */,
				9C6419FF1EDB523200851CAD /* Main.storyboard in Resources */,
			);
			runOnlyForDeploymentPostprocessing = 0;
		};
		9C641A081EDB523300851CAD /* Resources */ = {
			isa = PBXResourcesBuildPhase;
			buildActionMask = 2147483647;
			files = (
			);
			runOnlyForDeploymentPostprocessing = 0;
		};
/* End PBXResourcesBuildPhase section */

/* Begin PBXSourcesBuildPhase section */
		9C6419ED1EDB523200851CAD /* Sources */ = {
			isa = PBXSourcesBuildPhase;
			buildActionMask = 2147483647;
			files = (
				9C6419FC1EDB523200851CAD /* ViewController.m in Sources */,
				9C6419F91EDB523200851CAD /* AppDelegate.m in Sources */,
				9C6419F61EDB523200851CAD /* main.m in Sources */,
			);
			runOnlyForDeploymentPostprocessing = 0;
		};
		9C641A061EDB523300851CAD /* Sources */ = {
			isa = PBXSourcesBuildPhase;
			buildActionMask = 2147483647;
			files = (
				9C641A5E1EDB557200851CAD /* lfunc.c in Sources */,
				9C641A661EDB557200851CAD /* lobject.c in Sources */,
				9C641A5C1EDB557200851CAD /* ldo.c in Sources */,
				9C641A701EDB557200851CAD /* lundump.c in Sources */,
				9C641A681EDB557200851CAD /* loslib.c in Sources */,
				9C641A711EDB557200851CAD /* lvm.c in Sources */,
				9C641A6A1EDB557200851CAD /* lstate.c in Sources */,
				9C641A761EDB55B500851CAD /* LuaBridge.m in Sources */,
				9C641A631EDB557200851CAD /* lmathlib.c in Sources */,
				9C641A6E1EDB557200851CAD /* ltablib.c in Sources */,
				9C641A5A1EDB557200851CAD /* ldblib.c in Sources */,
				9C641A6B1EDB557200851CAD /* lstring.c in Sources */,
				9C641A6F1EDB557200851CAD /* ltm.c in Sources */,
				9C641A601EDB557200851CAD /* linit.c in Sources */,
				9C641A6D1EDB557200851CAD /* ltable.c in Sources */,
				9C641A611EDB557200851CAD /* liolib.c in Sources */,
				9C641A581EDB557200851CAD /* lcorolib.c in Sources */,
				9C641A0F1EDB523300851CAD /* LuaObjCBridgeTests.m in Sources */,
				9C641A721EDB557200851CAD /* lzio.c in Sources */,
				9C641A591EDB557200851CAD /* lctype.c in Sources */,
				9C641A6C1EDB557200851CAD /* lstrlib.c in Sources */,
				9C641A5F1EDB557200851CAD /* lgc.c in Sources */,
				9C641A551EDB557200851CAD /* lbaselib.c in Sources */,
				9C641A5D1EDB557200851CAD /* ldump.c in Sources */,
				9C641A621EDB557200851CAD /* llex.c in Sources */,
				9C641A531EDB557200851CAD /* lapi.c in Sources */,
				9C641A5B1EDB557200851CAD /* ldebug.c in Sources */,
				9C641A671EDB557200851CAD /* lopcodes.c in Sources */,
				9C641A571EDB557200851CAD /* lcode.c in Sources */,
				9C641A691EDB557200851CAD /* lparser.c in Sources */,
				9C641A561EDB557200851CAD /* lbitlib.c in Sources */,
				9C641A651EDB557200851CAD /* loadlib.c in Sources */,
				9C641A541EDB557200851CAD /* lauxlib.c in Sources */,
				9C641A641EDB557200851CAD /* lmem.c in Sources */,
			);
			runOnlyForDeploymentPostprocessing = 0;
		};
/* End PBXSourcesBuildPhase section */

/* Begin PBXTargetDependency section */
		9C641A0C1EDB523300851CAD /* PBXTargetDependency */ = {
			isa = PBXTargetDependency;
			target = 9C6419F01EDB523200851CAD /* LuaObjCBridge */;
			targetProxy = 9C641A0B1EDB523300851CAD /* PBXContainerItemProxy */;
		};
/* End PBXTargetDependency section */

/* Begin PBXVariantGroup section */
		9C6419FD1EDB523200851CAD /* Main.storyboard */ = {
			isa = PBXVariantGroup;
			children = (
				9C6419FE1EDB523200851CAD /* Base */,
			);
			name = Main.storyboard;
			sourceTree = "<group>";
		};
		9C641A021EDB523300851CAD /* LaunchScreen.storyboard */ = {
			isa = PBXVariantGroup;
			children = (
				9C641A031EDB523300851CAD /* Base */,
			);
			name = LaunchScreen.storyboard;
			sourceTree = "<group>";
		};
/* End PBXVariantGroup section */

/* Begin XCBuildConfiguration section */
		9C641A111EDB523300851CAD /* Debug */ = {
			isa = XCBuildConfiguration;
			buildSettings = {
				ALWAYS_SEARCH_USER_PATHS = NO;
				CLANG_ANALYZER_NONNULL = YES;
				CLANG_ANALYZER_NUMBER_OBJECT_CONVERSION = YES_AGGRESSIVE;
				CLANG_CXX_LANGUAGE_STANDARD = "gnu++0x";
				CLANG_CXX_LIBRARY = "libc++";
				CLANG_ENABLE_MODULES = YES;
				CLANG_ENABLE_OBJC_ARC = YES;
				CLANG_WARN_BOOL_CONVERSION = YES;
				CLANG_WARN_CONSTANT_CONVERSION = YES;
				CLANG_WARN_DIRECT_OBJC_ISA_USAGE = YES_ERROR;
				CLANG_WARN_DOCUMENTATION_COMMENTS = YES;
				CLANG_WARN_EMPTY_BODY = YES;
				CLANG_WARN_ENUM_CONVERSION = YES;
				CLANG_WARN_INFINITE_RECURSION = YES;
				CLANG_WARN_INT_CONVERSION = YES;
				CLANG_WARN_OBJC_ROOT_CLASS = YES_ERROR;
				CLANG_WARN_SUSPICIOUS_MOVE = YES;
				CLANG_WARN_UNREACHABLE_CODE = YES;
				CLANG_WARN__DUPLICATE_METHOD_MATCH = YES;
				"CODE_SIGN_IDENTITY[sdk=iphoneos*]" = "iPhone Developer";
				COPY_PHASE_STRIP = NO;
				DEBUG_INFORMATION_FORMAT = dwarf;
				ENABLE_STRICT_OBJC_MSGSEND = YES;
				ENABLE_TESTABILITY = YES;
				GCC_C_LANGUAGE_STANDARD = gnu99;
				GCC_DYNAMIC_NO_PIC = NO;
				GCC_NO_COMMON_BLOCKS = YES;
				GCC_OPTIMIZATION_LEVEL = 0;
				GCC_PREPROCESSOR_DEFINITIONS = (
					"DEBUG=1",
					"$(inherited)",
				);
				GCC_WARN_64_TO_32_BIT_CONVERSION = YES;
				GCC_WARN_ABOUT_RETURN_TYPE = YES_ERROR;
				GCC_WARN_UNDECLARED_SELECTOR = YES;
				GCC_WARN_UNINITIALIZED_AUTOS = YES_AGGRESSIVE;
				GCC_WARN_UNUSED_FUNCTION = YES;
				GCC_WARN_UNUSED_VARIABLE = YES;
				IPHONEOS_DEPLOYMENT_TARGET = 10.3;
				MTL_ENABLE_DEBUG_INFO = YES;
				ONLY_ACTIVE_ARCH = YES;
				SDKROOT = iphoneos;
				TARGETED_DEVICE_FAMILY = "1,2";
			};
			name = Debug;
		};
		9C641A121EDB523300851CAD /* Release */ = {
			isa = XCBuildConfiguration;
			buildSettings = {
				ALWAYS_SEARCH_USER_PATHS = NO;
				CLANG_ANALYZER_NONNULL = YES;
				CLANG_ANALYZER_NUMBER_OBJECT_CONVERSION = YES_AGGRESSIVE;
				CLANG_CXX_LANGUAGE_STANDARD = "gnu++0x";
				CLANG_CXX_LIBRARY = "libc++";
				CLANG_ENABLE_MODULES = YES;
				CLANG_ENABLE_OBJC_ARC = YES;
				CLANG_WARN_BOOL_CONVERSION = YES;
				CLANG_WARN_CONSTANT_CONVERSION = YES;
				CLANG_WARN_DIRECT_OBJC_ISA_USAGE = YES_ERROR;
				CLANG_WARN_DOCUMENTATION_COMMENTS = YES;
				CLANG_WARN_EMPTY_BODY = YES;
				CLANG_WARN_ENUM_CONVERSION = YES;
				CLANG_WARN_INFINITE_RECURSION = YES;
				CLANG_WARN_INT_CONVERSION = YES;
				CLANG_WARN_OBJC_ROOT_CLASS = YES_ERROR;
				CLANG_WARN_SUSPICIOUS_MOVE = YES;
				CLANG_WARN_UNREACHABLE_CODE = YES;
				CLANG_WARN__DUPLICATE_METHOD_MATCH = YES;
				"CODE_SIGN_IDENTITY[sdk=iphoneos*]" = "iPhone Developer";
				COPY_PHASE_STRIP = NO;
				DEBUG_INFORMATION_FORMAT = "dwarf-with-dsym";
				ENABLE_NS_ASSERTIONS = NO;
				ENABLE_STRICT_OBJC_MSGSEND = YES;
				GCC_C_LANGUAGE_STANDARD = gnu99;
				GCC_NO_COMMON_BLOCKS = YES;
				GCC_WARN_64_TO_32_BIT_CONVERSION = YES;
				GCC_WARN_ABOUT_RETURN_TYPE = YES_ERROR;
				GCC_WARN_UNDECLARED_SELECTOR = YES;
				GCC_WARN_UNINITIALIZED_AUTOS = YES_AGGRESSIVE;
				GCC_WARN_UNUSED_FUNCTION = YES;
				GCC_WARN_UNUSED_VARIABLE = YES;
				IPHONEOS_DEPLOYMENT_TARGET = 10.3;
				MTL_ENABLE_DEBUG_INFO = NO;
				SDKROOT = iphoneos;
				TARGETED_DEVICE_FAMILY = "1,2";
				VALIDATE_PRODUCT = YES;
			};
			name = Release;
		};
		9C641A141EDB523300851CAD /* Debug */ = {
			isa = XCBuildConfiguration;
			buildSettings = {
				ASSETCATALOG_COMPILER_APPICON_NAME = AppIcon;
				DEVELOPMENT_TEAM = BH53U2474Y;
				INFOPLIST_FILE = LuaObjCBridge/Info.plist;
				LD_RUNPATH_SEARCH_PATHS = "$(inherited) @executable_path/Frameworks";
				PRODUCT_BUNDLE_IDENTIFIER = jp.torus.LuaObjCBridge;
				PRODUCT_NAME = "$(TARGET_NAME)";
			};
			name = Debug;
		};
		9C641A151EDB523300851CAD /* Release */ = {
			isa = XCBuildConfiguration;
			buildSettings = {
				ASSETCATALOG_COMPILER_APPICON_NAME = AppIcon;
				DEVELOPMENT_TEAM = BH53U2474Y;
				INFOPLIST_FILE = LuaObjCBridge/Info.plist;
				LD_RUNPATH_SEARCH_PATHS = "$(inherited) @executable_path/Frameworks";
				PRODUCT_BUNDLE_IDENTIFIER = jp.torus.LuaObjCBridge;
				PRODUCT_NAME = "$(TARGET_NAME)";
			};
			name = Release;
		};
		9C641A171EDB523300851CAD /* Debug */ = {
			isa = XCBuildConfiguration;
			buildSettings = {
				BUNDLE_LOADER = "$(TEST_HOST)";
				DEVELOPMENT_TEAM = BH53U2474Y;
				INFOPLIST_FILE = LuaObjCBridgeTests/Info.plist;
				LD_RUNPATH_SEARCH_PATHS = "$(inherited) @executable_path/Frameworks @loader_path/Frameworks";
				PRODUCT_BUNDLE_IDENTIFIER = jp.torus.LuaObjCBridgeTests;
				PRODUCT_NAME = "$(TARGET_NAME)";
				TEST_HOST = "$(BUILT_PRODUCTS_DIR)/LuaObjCBridge.app/LuaObjCBridge";
			};
			name = Debug;
		};
		9C641A181EDB523300851CAD /* Release */ = {
			isa = XCBuildConfiguration;
			buildSettings = {
				BUNDLE_LOADER = "$(TEST_HOST)";
				DEVELOPMENT_TEAM = BH53U2474Y;
				INFOPLIST_FILE = LuaObjCBridgeTests/Info.plist;
				LD_RUNPATH_SEARCH_PATHS = "$(inherited) @executable_path/Frameworks @loader_path/Frameworks";
				PRODUCT_BUNDLE_IDENTIFIER = jp.torus.LuaObjCBridgeTests;
				PRODUCT_NAME = "$(TARGET_NAME)";
				TEST_HOST = "$(BUILT_PRODUCTS_DIR)/LuaObjCBridge.app/LuaObjCBridge";
			};
			name = Release;
		};
/* End XCBuildConfiguration section */

/* Begin XCConfigurationList section */
		9C6419EC1EDB523200851CAD /* Build configuration list for PBXProject "LuaObjCBridge" */ = {
			isa = XCConfigurationList;
			buildConfigurations = (
				9C641A111EDB523300851CAD /* Debug */,
				9C641A121EDB523300851CAD /* Release */,
			);
			defaultConfigurationIsVisible = 0;
			defaultConfigurationName = Release;
		};
		9C641A131EDB523300851CAD /* Build configuration list for PBXNativeTarget "LuaObjCBridge" */ = {
			isa = XCConfigurationList;
			buildConfigurations = (
				9C641A141EDB523300851CAD /* Debug */,
				9C641A151EDB523300851CAD /* Release */,
			);
			defaultConfigurationIsVisible = 0;
		};
		9C641A161EDB523300851CAD /* Build configuration list for PBXNativeTarget "LuaObjCBridgeTests" */ = {
			isa = XCConfigurationList;
			buildConfigurations = (
				9C641A171EDB523300851CAD /* Debug */,
				9C641A181EDB523300851CAD /* Release */,
			);
			defaultConfigurationIsVisible = 0;
		};
/* End XCConfigurationList section */
	};
	rootObject = 9C6419E91EDB523200851CAD /* Project object */;
}
